
Microsoft Visual Studio Solution File, Format Version 12.00
# Visual Studio 14
VisualStudioVersion = 14.0.25420.1
MinimumVisualStudioVersion = 10.0.40219.1
Project("{E24C65DC-7377-472B-9ABA-BC803B73C61A}") = "01_SimpleSiteDemo", "01_SimpleSiteDemo\", "{5EB6990E-11EC-46D0-A6EB-F7D6E4E20967}"
	ProjectSection(WebsiteProperties) = preProject
		TargetFrameworkMoniker = ".NETFramework,Version%3Dv4.6.1"
		Debug.AspNetCompiler.VirtualPath = "/localhost_64279"
		Debug.AspNetCompiler.PhysicalPath = "01_SimpleSiteDemo\"
		Debug.AspNetCompiler.TargetPath = "PrecompiledWeb\localhost_64279\"
		Debug.AspNetCompiler.Updateable = "true"
		Debug.AspNetCompiler.ForceOverwrite = "true"
		Debug.AspNetCompiler.FixedNames = "false"
		Debug.AspNetCompiler.Debug = "True"
		Release.AspNetCompiler.VirtualPath = "/localhost_64279"
		Release.AspNetCompiler.PhysicalPath = "01_SimpleSiteDemo\"
		Release.AspNetCompiler.TargetPath = "PrecompiledWeb\localhost_64279\"
		Release.AspNetCompiler.Updateable = "true"
		Release.AspNetCompiler.ForceOverwrite = "true"
		Release.AspNetCompiler.FixedNames = "false"
		Release.AspNetCompiler.Debug = "False"
		VWDPort = "64279"
		SlnRelativePath = "01_SimpleSiteDemo\"
		DefaultWebSiteLanguage = "Visual C#"
	EndProjectSection
EndProject
Project("{E24C65DC-7377-472B-9ABA-BC803B73C61A}") = "02_NumLoopSiteDemo", "02_NumLoopSiteDemo\", "{00312715-21BC-4A2B-9034-5D13D258B2E0}"
	ProjectSection(WebsiteProperties) = preProject
		TargetFrameworkMoniker = ".NETFramework,Version%3Dv4.6.1"
		Debug.AspNetCompiler.VirtualPath = "/localhost_64316"
		Debug.AspNetCompiler.PhysicalPath = "02_NumLoopSiteDemo\"
		Debug.AspNetCompiler.TargetPath = "PrecompiledWeb\localhost_64316\"
		Debug.AspNetCompiler.Updateable = "true"
		Debug.AspNetCompiler.ForceOverwrite = "true"
		Debug.AspNetCompiler.FixedNames = "false"
		Debug.AspNetCompiler.Debug = "True"
		Release.AspNetCompiler.VirtualPath = "/localhost_64316"
		Release.AspNetCompiler.PhysicalPath = "02_NumLoopSiteDemo\"
		Release.AspNetCompiler.TargetPath = "PrecompiledWeb\localhost_64316\"
		Release.AspNetCompiler.Updateable = "true"
		Release.AspNetCompiler.ForceOverwrite = "true"
		Release.AspNetCompiler.FixedNames = "false"
		Release.AspNetCompiler.Debug = "False"
		VWDPort = "64316"
		SlnRelativePath = "02_NumLoopSiteDemo\"
		DefaultWebSiteLanguage = "Visual C#"
	EndProjectSection
EndProject
Project("{E24C65DC-7377-472B-9ABA-BC803B73C61A}") = "03_WhileLoops", "03_WhileLoops\", "{F8593756-7117-4B2C-A5E6-FBAB46B2381E}"
	ProjectSection(WebsiteProperties) = preProject
		TargetFrameworkMoniker = ".NETFramework,Version%3Dv4.6.1"
		Debug.AspNetCompiler.VirtualPath = "/localhost_65234"
		Debug.AspNetCompiler.PhysicalPath = "03_WhileLoops\"
		Debug.AspNetCompiler.TargetPath = "PrecompiledWeb\localhost_65234\"
		Debug.AspNetCompiler.Updateable = "true"
		Debug.AspNetCompiler.ForceOverwrite = "true"
		Debug.AspNetCompiler.FixedNames = "false"
		Debug.AspNetCompiler.Debug = "True"
		Release.AspNetCompiler.VirtualPath = "/localhost_65234"
		Release.AspNetCompiler.PhysicalPath = "03_WhileLoops\"
		Release.AspNetCompiler.TargetPath = "PrecompiledWeb\localhost_65234\"
		Release.AspNetCompiler.Updateable = "true"
		Release.AspNetCompiler.ForceOverwrite = "true"
		Release.AspNetCompiler.FixedNames = "false"
		Release.AspNetCompiler.Debug = "False"
		VWDPort = "65234"
		SlnRelativePath = "03_WhileLoops\"
		DefaultWebSiteLanguage = "Visual C#"
	EndProjectSection
EndProject
Project("{E24C65DC-7377-472B-9ABA-BC803B73C61A}") = "04_ForLoops", "04_ForLoops\", "{C97D5619-F49B-41D3-814C-265B90A360BB}"
	ProjectSection(WebsiteProperties) = preProject
		TargetFrameworkMoniker = ".NETFramework,Version%3Dv4.6.1"
		Debug.AspNetCompiler.VirtualPath = "/localhost_65452"
		Debug.AspNetCompiler.PhysicalPath = "04_ForLoops\"
		Debug.AspNetCompiler.TargetPath = "PrecompiledWeb\localhost_65452\"
		Debug.AspNetCompiler.Updateable = "true"
		Debug.AspNetCompiler.ForceOverwrite = "true"
		Debug.AspNetCompiler.FixedNames = "false"
		Debug.AspNetCompiler.Debug = "True"
		Release.AspNetCompiler.VirtualPath = "/localhost_65452"
		Release.AspNetCompiler.PhysicalPath = "04_ForLoops\"
		Release.AspNetCompiler.TargetPath = "PrecompiledWeb\localhost_65452\"
		Release.AspNetCompiler.Updateable = "true"
		Release.AspNetCompiler.ForceOverwrite = "true"
		Release.AspNetCompiler.FixedNames = "false"
		Release.AspNetCompiler.Debug = "False"
		VWDPort = "65452"
		SlnRelativePath = "04_ForLoops\"
		DefaultWebSiteLanguage = "Visual C#"
	EndProjectSection
EndProject
Project("{E24C65DC-7377-472B-9ABA-BC803B73C61A}") = "05_SwitchBlocks", "05_SwitchBlocks\", "{CDB70AAD-72B1-4CAD-82A1-5DD91A98BEB8}"
	ProjectSection(WebsiteProperties) = preProject
		TargetFrameworkMoniker = ".NETFramework,Version%3Dv4.6.1"
		Debug.AspNetCompiler.VirtualPath = "/localhost_58630"
		Debug.AspNetCompiler.PhysicalPath = "05_SwitchBlocks\"
		Debug.AspNetCompiler.TargetPath = "PrecompiledWeb\localhost_58630\"
		Debug.AspNetCompiler.Updateable = "true"
		Debug.AspNetCompiler.ForceOverwrite = "true"
		Debug.AspNetCompiler.FixedNames = "false"
		Debug.AspNetCompiler.Debug = "True"
		Release.AspNetCompiler.VirtualPath = "/localhost_58630"
		Release.AspNetCompiler.PhysicalPath = "05_SwitchBlocks\"
		Release.AspNetCompiler.TargetPath = "PrecompiledWeb\localhost_58630\"
		Release.AspNetCompiler.Updateable = "true"
		Release.AspNetCompiler.ForceOverwrite = "true"
		Release.AspNetCompiler.FixedNames = "false"
		Release.AspNetCompiler.Debug = "False"
		VWDPort = "58630"
		SlnRelativePath = "05_SwitchBlocks\"
		DefaultWebSiteLanguage = "Visual C#"
	EndProjectSection
EndProject
Project("{E24C65DC-7377-472B-9ABA-BC803B73C61A}") = "06_TryParse", "06_TryParse\", "{D78466F1-B2CC-45FF-A759-AC88A52ECB92}"
	ProjectSection(WebsiteProperties) = preProject
		TargetFrameworkMoniker = ".NETFramework,Version%3Dv4.6.1"
		Debug.AspNetCompiler.VirtualPath = "/localhost_59187"
		Debug.AspNetCompiler.PhysicalPath = "06_TryParse\"
		Debug.AspNetCompiler.TargetPath = "PrecompiledWeb\localhost_59187\"
		Debug.AspNetCompiler.Updateable = "true"
		Debug.AspNetCompiler.ForceOverwrite = "true"
		Debug.AspNetCompiler.FixedNames = "false"
		Debug.AspNetCompiler.Debug = "True"
		Release.AspNetCompiler.VirtualPath = "/localhost_59187"
		Release.AspNetCompiler.PhysicalPath = "06_TryParse\"
		Release.AspNetCompiler.TargetPath = "PrecompiledWeb\localhost_59187\"
		Release.AspNetCompiler.Updateable = "true"
		Release.AspNetCompiler.ForceOverwrite = "true"
		Release.AspNetCompiler.FixedNames = "false"
		Release.AspNetCompiler.Debug = "False"
		VWDPort = "59187"
		SlnRelativePath = "06_TryParse\"
		DefaultWebSiteLanguage = "Visual C#"
	EndProjectSection
EndProject
Project("{E24C65DC-7377-472B-9ABA-BC803B73C61A}") = "07_TernaryOperator", "07_TernaryOperator\", "{7AC8C0B8-36C9-47CA-A0B7-DF80E93CEB3A}"
	ProjectSection(WebsiteProperties) = preProject
		TargetFrameworkMoniker = ".NETFramework,Version%3Dv4.6.1"
		Debug.AspNetCompiler.VirtualPath = "/localhost_61912"
		Debug.AspNetCompiler.PhysicalPath = "07_TernaryOperator\"
		Debug.AspNetCompiler.TargetPath = "PrecompiledWeb\localhost_61912\"
		Debug.AspNetCompiler.Updateable = "true"
		Debug.AspNetCompiler.ForceOverwrite = "true"
		Debug.AspNetCompiler.FixedNames = "false"
		Debug.AspNetCompiler.Debug = "True"
		Release.AspNetCompiler.VirtualPath = "/localhost_61912"
		Release.AspNetCompiler.PhysicalPath = "07_TernaryOperator\"
		Release.AspNetCompiler.TargetPath = "PrecompiledWeb\localhost_61912\"
		Release.AspNetCompiler.Updateable = "true"
		Release.AspNetCompiler.ForceOverwrite = "true"
		Release.AspNetCompiler.FixedNames = "false"
		Release.AspNetCompiler.Debug = "False"
		VWDPort = "61912"
		DefaultWebSiteLanguage = "Visual C#"
	EndProjectSection
EndProject
Project("{E24C65DC-7377-472B-9ABA-BC803B73C61A}") = "08_InPlaceEvaluation", "08_InPlaceEvaluation\", "{CFBA9103-718B-4C06-AB63-BCA5444B6894}"
	ProjectSection(WebsiteProperties) = preProject
		TargetFrameworkMoniker = ".NETFramework,Version%3Dv4.6.1"
		Debug.AspNetCompiler.VirtualPath = "/localhost_51527"
		Debug.AspNetCompiler.PhysicalPath = "08_InPlaceEvaluation\"
		Debug.AspNetCompiler.TargetPath = "PrecompiledWeb\localhost_51527\"
		Debug.AspNetCompiler.Updateable = "true"
		Debug.AspNetCompiler.ForceOverwrite = "true"
		Debug.AspNetCompiler.FixedNames = "false"
		Debug.AspNetCompiler.Debug = "True"
		Release.AspNetCompiler.VirtualPath = "/localhost_51527"
		Release.AspNetCompiler.PhysicalPath = "08_InPlaceEvaluation\"
		Release.AspNetCompiler.TargetPath = "PrecompiledWeb\localhost_51527\"
		Release.AspNetCompiler.Updateable = "true"
		Release.AspNetCompiler.ForceOverwrite = "true"
		Release.AspNetCompiler.FixedNames = "false"
		Release.AspNetCompiler.Debug = "False"
		VWDPort = "51527"
		DefaultWebSiteLanguage = "Visual C#"
	EndProjectSection
EndProject
Project("{E24C65DC-7377-472B-9ABA-BC803B73C61A}") = "09_LogicalAndOperator", "09_LogicalAndOperator\", "{066DE20C-2848-4551-BC97-86C44F229B50}"
	ProjectSection(WebsiteProperties) = preProject
		TargetFrameworkMoniker = ".NETFramework,Version%3Dv4.6.1"
		Debug.AspNetCompiler.VirtualPath = "/localhost_63956"
		Debug.AspNetCompiler.PhysicalPath = "09_LogicalAndOperator\"
		Debug.AspNetCompiler.TargetPath = "PrecompiledWeb\localhost_63956\"
		Debug.AspNetCompiler.Updateable = "true"
		Debug.AspNetCompiler.ForceOverwrite = "true"
		Debug.AspNetCompiler.FixedNames = "false"
		Debug.AspNetCompiler.Debug = "True"
		Release.AspNetCompiler.VirtualPath = "/localhost_63956"
		Release.AspNetCompiler.PhysicalPath = "09_LogicalAndOperator\"
		Release.AspNetCompiler.TargetPath = "PrecompiledWeb\localhost_63956\"
		Release.AspNetCompiler.Updateable = "true"
		Release.AspNetCompiler.ForceOverwrite = "true"
		Release.AspNetCompiler.FixedNames = "false"
		Release.AspNetCompiler.Debug = "False"
		VWDPort = "63956"
		DefaultWebSiteLanguage = "Visual C#"
	EndProjectSection
EndProject
Project("{E24C65DC-7377-472B-9ABA-BC803B73C61A}") = "10_LogicalOrOperator", "10_LogicalOrOperator\", "{3A43F43F-9E5D-4375-9076-96E788571759}"
	ProjectSection(WebsiteProperties) = preProject
		TargetFrameworkMoniker = ".NETFramework,Version%3Dv4.6.1"
		Debug.AspNetCompiler.VirtualPath = "/localhost_64082"
		Debug.AspNetCompiler.PhysicalPath = "10_LogicalOrOperator\"
		Debug.AspNetCompiler.TargetPath = "PrecompiledWeb\localhost_64082\"
		Debug.AspNetCompiler.Updateable = "true"
		Debug.AspNetCompiler.ForceOverwrite = "true"
		Debug.AspNetCompiler.FixedNames = "false"
		Debug.AspNetCompiler.Debug = "True"
		Release.AspNetCompiler.VirtualPath = "/localhost_64082"
		Release.AspNetCompiler.PhysicalPath = "10_LogicalOrOperator\"
		Release.AspNetCompiler.TargetPath = "PrecompiledWeb\localhost_64082\"
		Release.AspNetCompiler.Updateable = "true"
		Release.AspNetCompiler.ForceOverwrite = "true"
		Release.AspNetCompiler.FixedNames = "false"
		Release.AspNetCompiler.Debug = "False"
		VWDPort = "64082"
		DefaultWebSiteLanguage = "Visual C#"
	EndProjectSection
EndProject
Project("{E24C65DC-7377-472B-9ABA-BC803B73C61A}") = "11_ArrayBasics", "11_ArrayBasics\", "{BF75FA23-DCE7-4660-8365-164E58F63EF8}"
	ProjectSection(WebsiteProperties) = preProject
		TargetFrameworkMoniker = ".NETFramework,Version%3Dv4.6.1"
		Debug.AspNetCompiler.VirtualPath = "/localhost_64214"
		Debug.AspNetCompiler.PhysicalPath = "11_ArrayBasics\"
		Debug.AspNetCompiler.TargetPath = "PrecompiledWeb\localhost_64214\"
		Debug.AspNetCompiler.Updateable = "true"
		Debug.AspNetCompiler.ForceOverwrite = "true"
		Debug.AspNetCompiler.FixedNames = "false"
		Debug.AspNetCompiler.Debug = "True"
		Release.AspNetCompiler.VirtualPath = "/localhost_64214"
		Release.AspNetCompiler.PhysicalPath = "11_ArrayBasics\"
		Release.AspNetCompiler.TargetPath = "PrecompiledWeb\localhost_64214\"
		Release.AspNetCompiler.Updateable = "true"
		Release.AspNetCompiler.ForceOverwrite = "true"
		Release.AspNetCompiler.FixedNames = "false"
		Release.AspNetCompiler.Debug = "False"
		VWDPort = "64214"
		DefaultWebSiteLanguage = "Visual C#"
	EndProjectSection
EndProject
Project("{E24C65DC-7377-472B-9ABA-BC803B73C61A}") = "12_ArrayLoops", "12_ArrayLoops\", "{9FFDD50C-71CD-4472-BB10-9EB75B8A4AD7}"
	ProjectSection(WebsiteProperties) = preProject
		TargetFrameworkMoniker = ".NETFramework,Version%3Dv4.6.1"
		Debug.AspNetCompiler.VirtualPath = "/localhost_52854"
		Debug.AspNetCompiler.PhysicalPath = "12_ArrayLoops\"
		Debug.AspNetCompiler.TargetPath = "PrecompiledWeb\localhost_52854\"
		Debug.AspNetCompiler.Updateable = "true"
		Debug.AspNetCompiler.ForceOverwrite = "true"
		Debug.AspNetCompiler.FixedNames = "false"
		Debug.AspNetCompiler.Debug = "True"
		Release.AspNetCompiler.VirtualPath = "/localhost_52854"
		Release.AspNetCompiler.PhysicalPath = "12_ArrayLoops\"
		Release.AspNetCompiler.TargetPath = "PrecompiledWeb\localhost_52854\"
		Release.AspNetCompiler.Updateable = "true"
		Release.AspNetCompiler.ForceOverwrite = "true"
		Release.AspNetCompiler.FixedNames = "false"
		Release.AspNetCompiler.Debug = "False"
		VWDPort = "52854"
		DefaultWebSiteLanguage = "Visual C#"
	EndProjectSection
EndProject
Project("{E24C65DC-7377-472B-9ABA-BC803B73C61A}") = "13_SimpleMethods", "13_SimpleMethods\", "{28E3E0B1-2289-4EE7-A98D-6BC31B78CD4F}"
	ProjectSection(WebsiteProperties) = preProject
		TargetFrameworkMoniker = ".NETFramework,Version%3Dv4.6.1"
		Debug.AspNetCompiler.VirtualPath = "/localhost_51599"
		Debug.AspNetCompiler.PhysicalPath = "13_SimpleMethods\"
		Debug.AspNetCompiler.TargetPath = "PrecompiledWeb\localhost_51599\"
		Debug.AspNetCompiler.Updateable = "true"
		Debug.AspNetCompiler.ForceOverwrite = "true"
		Debug.AspNetCompiler.FixedNames = "false"
		Debug.AspNetCompiler.Debug = "True"
		Release.AspNetCompiler.VirtualPath = "/localhost_51599"
		Release.AspNetCompiler.PhysicalPath = "13_SimpleMethods\"
		Release.AspNetCompiler.TargetPath = "PrecompiledWeb\localhost_51599\"
		Release.AspNetCompiler.Updateable = "true"
		Release.AspNetCompiler.ForceOverwrite = "true"
		Release.AspNetCompiler.FixedNames = "false"
		Release.AspNetCompiler.Debug = "False"
		VWDPort = "51599"
		DefaultWebSiteLanguage = "Visual C#"
	EndProjectSection
EndProject
Project("{E24C65DC-7377-472B-9ABA-BC803B73C61A}") = "14_PassingArraysToMethods", "14_PassingArraysToMethods\", "{1668F20C-B8A5-4532-8A20-960D58BBC145}"
	ProjectSection(WebsiteProperties) = preProject
		TargetFrameworkMoniker = ".NETFramework,Version%3Dv4.6.1"
		Debug.AspNetCompiler.VirtualPath = "/localhost_55029"
		Debug.AspNetCompiler.PhysicalPath = "14_PassingArraysToMethods\"
		Debug.AspNetCompiler.TargetPath = "PrecompiledWeb\localhost_55029\"
		Debug.AspNetCompiler.Updateable = "true"
		Debug.AspNetCompiler.ForceOverwrite = "true"
		Debug.AspNetCompiler.FixedNames = "false"
		Debug.AspNetCompiler.Debug = "True"
		Release.AspNetCompiler.VirtualPath = "/localhost_55029"
		Release.AspNetCompiler.PhysicalPath = "14_PassingArraysToMethods\"
		Release.AspNetCompiler.TargetPath = "PrecompiledWeb\localhost_55029\"
		Release.AspNetCompiler.Updateable = "true"
		Release.AspNetCompiler.ForceOverwrite = "true"
		Release.AspNetCompiler.FixedNames = "false"
		Release.AspNetCompiler.Debug = "False"
		VWDPort = "55029"
		DefaultWebSiteLanguage = "Visual C#"
	EndProjectSection
EndProject
Project("{E24C65DC-7377-472B-9ABA-BC803B73C61A}") = "15_ReferenceAndValueTypes", "15_ReferenceAndValueTypes\", "{C1B579DC-239F-4CD3-B738-91EE0558FE09}"
	ProjectSection(WebsiteProperties) = preProject
		TargetFrameworkMoniker = ".NETFramework,Version%3Dv4.6.1"
		Debug.AspNetCompiler.VirtualPath = "/localhost_55276"
		Debug.AspNetCompiler.PhysicalPath = "15_ReferenceAndValueTypes\"
		Debug.AspNetCompiler.TargetPath = "PrecompiledWeb\localhost_55276\"
		Debug.AspNetCompiler.Updateable = "true"
		Debug.AspNetCompiler.ForceOverwrite = "true"
		Debug.AspNetCompiler.FixedNames = "false"
		Debug.AspNetCompiler.Debug = "True"
		Release.AspNetCompiler.VirtualPath = "/localhost_55276"
		Release.AspNetCompiler.PhysicalPath = "15_ReferenceAndValueTypes\"
		Release.AspNetCompiler.TargetPath = "PrecompiledWeb\localhost_55276\"
		Release.AspNetCompiler.Updateable = "true"
		Release.AspNetCompiler.ForceOverwrite = "true"
		Release.AspNetCompiler.FixedNames = "false"
		Release.AspNetCompiler.Debug = "False"
		VWDPort = "55276"
		DefaultWebSiteLanguage = "Visual C#"
	EndProjectSection
EndProject
Project("{E24C65DC-7377-472B-9ABA-BC803B73C61A}") = "16_ParamsKeyword", "16_ParamsKeyword\", "{EE732BA5-8533-412C-A3D6-288E280642D2}"
	ProjectSection(WebsiteProperties) = preProject
		TargetFrameworkMoniker = ".NETFramework,Version%3Dv4.6.1"
		Debug.AspNetCompiler.VirtualPath = "/localhost_55720"
		Debug.AspNetCompiler.PhysicalPath = "16_ParamsKeyword\"
		Debug.AspNetCompiler.TargetPath = "PrecompiledWeb\localhost_55720\"
		Debug.AspNetCompiler.Updateable = "true"
		Debug.AspNetCompiler.ForceOverwrite = "true"
		Debug.AspNetCompiler.FixedNames = "false"
		Debug.AspNetCompiler.Debug = "True"
		Release.AspNetCompiler.VirtualPath = "/localhost_55720"
		Release.AspNetCompiler.PhysicalPath = "16_ParamsKeyword\"
		Release.AspNetCompiler.TargetPath = "PrecompiledWeb\localhost_55720\"
		Release.AspNetCompiler.Updateable = "true"
		Release.AspNetCompiler.ForceOverwrite = "true"
		Release.AspNetCompiler.FixedNames = "false"
		Release.AspNetCompiler.Debug = "False"
		VWDPort = "55720"
		DefaultWebSiteLanguage = "Visual C#"
	EndProjectSection
EndProject
Global
	GlobalSection(SolutionConfigurationPlatforms) = preSolution
		Debug|Any CPU = Debug|Any CPU
	EndGlobalSection
	GlobalSection(ProjectConfigurationPlatforms) = postSolution
		{5EB6990E-11EC-46D0-A6EB-F7D6E4E20967}.Debug|Any CPU.ActiveCfg = Debug|Any CPU
		{5EB6990E-11EC-46D0-A6EB-F7D6E4E20967}.Debug|Any CPU.Build.0 = Debug|Any CPU
		{00312715-21BC-4A2B-9034-5D13D258B2E0}.Debug|Any CPU.ActiveCfg = Debug|Any CPU
		{00312715-21BC-4A2B-9034-5D13D258B2E0}.Debug|Any CPU.Build.0 = Debug|Any CPU
		{F8593756-7117-4B2C-A5E6-FBAB46B2381E}.Debug|Any CPU.ActiveCfg = Debug|Any CPU
		{F8593756-7117-4B2C-A5E6-FBAB46B2381E}.Debug|Any CPU.Build.0 = Debug|Any CPU
		{C97D5619-F49B-41D3-814C-265B90A360BB}.Debug|Any CPU.ActiveCfg = Debug|Any CPU
		{C97D5619-F49B-41D3-814C-265B90A360BB}.Debug|Any CPU.Build.0 = Debug|Any CPU
		{CDB70AAD-72B1-4CAD-82A1-5DD91A98BEB8}.Debug|Any CPU.ActiveCfg = Debug|Any CPU
		{CDB70AAD-72B1-4CAD-82A1-5DD91A98BEB8}.Debug|Any CPU.Build.0 = Debug|Any CPU
		{D78466F1-B2CC-45FF-A759-AC88A52ECB92}.Debug|Any CPU.ActiveCfg = Debug|Any CPU
		{D78466F1-B2CC-45FF-A759-AC88A52ECB92}.Debug|Any CPU.Build.0 = Debug|Any CPU
		{7AC8C0B8-36C9-47CA-A0B7-DF80E93CEB3A}.Debug|Any CPU.ActiveCfg = Debug|Any CPU
		{7AC8C0B8-36C9-47CA-A0B7-DF80E93CEB3A}.Debug|Any CPU.Build.0 = Debug|Any CPU
		{CFBA9103-718B-4C06-AB63-BCA5444B6894}.Debug|Any CPU.ActiveCfg = Debug|Any CPU
		{CFBA9103-718B-4C06-AB63-BCA5444B6894}.Debug|Any CPU.Build.0 = Debug|Any CPU
		{066DE20C-2848-4551-BC97-86C44F229B50}.Debug|Any CPU.ActiveCfg = Debug|Any CPU
		{066DE20C-2848-4551-BC97-86C44F229B50}.Debug|Any CPU.Build.0 = Debug|Any CPU
		{3A43F43F-9E5D-4375-9076-96E788571759}.Debug|Any CPU.ActiveCfg = Debug|Any CPU
		{3A43F43F-9E5D-4375-9076-96E788571759}.Debug|Any CPU.Build.0 = Debug|Any CPU
		{BF75FA23-DCE7-4660-8365-164E58F63EF8}.Debug|Any CPU.ActiveCfg = Debug|Any CPU
		{BF75FA23-DCE7-4660-8365-164E58F63EF8}.Debug|Any CPU.Build.0 = Debug|Any CPU
		{9FFDD50C-71CD-4472-BB10-9EB75B8A4AD7}.Debug|Any CPU.ActiveCfg = Debug|Any CPU
		{9FFDD50C-71CD-4472-BB10-9EB75B8A4AD7}.Debug|Any CPU.Build.0 = Debug|Any CPU
		{28E3E0B1-2289-4EE7-A98D-6BC31B78CD4F}.Debug|Any CPU.ActiveCfg = Debug|Any CPU
		{28E3E0B1-2289-4EE7-A98D-6BC31B78CD4F}.Debug|Any CPU.Build.0 = Debug|Any CPU
		{1668F20C-B8A5-4532-8A20-960D58BBC145}.Debug|Any CPU.ActiveCfg = Debug|Any CPU
		{1668F20C-B8A5-4532-8A20-960D58BBC145}.Debug|Any CPU.Build.0 = Debug|Any CPU
		{C1B579DC-239F-4CD3-B738-91EE0558FE09}.Debug|Any CPU.ActiveCfg = Debug|Any CPU
		{C1B579DC-239F-4CD3-B738-91EE0558FE09}.Debug|Any CPU.Build.0 = Debug|Any CPU
		{EE732BA5-8533-412C-A3D6-288E280642D2}.Debug|Any CPU.ActiveCfg = Debug|Any CPU
		{EE732BA5-8533-412C-A3D6-288E280642D2}.Debug|Any CPU.Build.0 = Debug|Any CPU
	EndGlobalSection
	GlobalSection(SolutionProperties) = preSolution
		HideSolutionNode = FALSE
	EndGlobalSection
EndGlobal
