
Microsoft Visual Studio Solution File, Format Version 12.00
# Visual Studio 14
VisualStudioVersion = 14.0.25420.1
MinimumVisualStudioVersion = 10.0.40219.1
Project("{E24C65DC-7377-472B-9ABA-BC803B73C61A}") = "01_SimpleSiteDemo", "01_SimpleSiteDemo\", "{5EB6990E-11EC-46D0-A6EB-F7D6E4E20967}"
	ProjectSection(WebsiteProperties) = preProject
		TargetFrameworkMoniker = ".NETFramework,Version%3Dv4.6.1"
		Debug.AspNetCompiler.VirtualPath = "/localhost_64279"
		Debug.AspNetCompiler.PhysicalPath = "01_SimpleSiteDemo\"
		Debug.AspNetCompiler.TargetPath = "PrecompiledWeb\localhost_64279\"
		Debug.AspNetCompiler.Updateable = "true"
		Debug.AspNetCompiler.ForceOverwrite = "true"
		Debug.AspNetCompiler.FixedNames = "false"
		Debug.AspNetCompiler.Debug = "True"
		Release.AspNetCompiler.VirtualPath = "/localhost_64279"
		Release.AspNetCompiler.PhysicalPath = "01_SimpleSiteDemo\"
		Release.AspNetCompiler.TargetPath = "PrecompiledWeb\localhost_64279\"
		Release.AspNetCompiler.Updateable = "true"
		Release.AspNetCompiler.ForceOverwrite = "true"
		Release.AspNetCompiler.FixedNames = "false"
		Release.AspNetCompiler.Debug = "False"
		VWDPort = "64279"
		SlnRelativePath = "01_SimpleSiteDemo\"
		DefaultWebSiteLanguage = "Visual C#"
	EndProjectSection
EndProject
Project("{E24C65DC-7377-472B-9ABA-BC803B73C61A}") = "02_NumLoopSiteDemo", "02_NumLoopSiteDemo\", "{00312715-21BC-4A2B-9034-5D13D258B2E0}"
	ProjectSection(WebsiteProperties) = preProject
		TargetFrameworkMoniker = ".NETFramework,Version%3Dv4.6.1"
		Debug.AspNetCompiler.VirtualPath = "/localhost_64316"
		Debug.AspNetCompiler.PhysicalPath = "02_NumLoopSiteDemo\"
		Debug.AspNetCompiler.TargetPath = "PrecompiledWeb\localhost_64316\"
		Debug.AspNetCompiler.Updateable = "true"
		Debug.AspNetCompiler.ForceOverwrite = "true"
		Debug.AspNetCompiler.FixedNames = "false"
		Debug.AspNetCompiler.Debug = "True"
		Release.AspNetCompiler.VirtualPath = "/localhost_64316"
		Release.AspNetCompiler.PhysicalPath = "02_NumLoopSiteDemo\"
		Release.AspNetCompiler.TargetPath = "PrecompiledWeb\localhost_64316\"
		Release.AspNetCompiler.Updateable = "true"
		Release.AspNetCompiler.ForceOverwrite = "true"
		Release.AspNetCompiler.FixedNames = "false"
		Release.AspNetCompiler.Debug = "False"
		VWDPort = "64316"
		SlnRelativePath = "02_NumLoopSiteDemo\"
		DefaultWebSiteLanguage = "Visual C#"
	EndProjectSection
EndProject
Project("{E24C65DC-7377-472B-9ABA-BC803B73C61A}") = "03_WhileLoops", "03_WhileLoops\", "{F8593756-7117-4B2C-A5E6-FBAB46B2381E}"
	ProjectSection(WebsiteProperties) = preProject
		TargetFrameworkMoniker = ".NETFramework,Version%3Dv4.6.1"
		Debug.AspNetCompiler.VirtualPath = "/localhost_65234"
		Debug.AspNetCompiler.PhysicalPath = "03_WhileLoops\"
		Debug.AspNetCompiler.TargetPath = "PrecompiledWeb\localhost_65234\"
		Debug.AspNetCompiler.Updateable = "true"
		Debug.AspNetCompiler.ForceOverwrite = "true"
		Debug.AspNetCompiler.FixedNames = "false"
		Debug.AspNetCompiler.Debug = "True"
		Release.AspNetCompiler.VirtualPath = "/localhost_65234"
		Release.AspNetCompiler.PhysicalPath = "03_WhileLoops\"
		Release.AspNetCompiler.TargetPath = "PrecompiledWeb\localhost_65234\"
		Release.AspNetCompiler.Updateable = "true"
		Release.AspNetCompiler.ForceOverwrite = "true"
		Release.AspNetCompiler.FixedNames = "false"
		Release.AspNetCompiler.Debug = "False"
		VWDPort = "65234"
		SlnRelativePath = "03_WhileLoops\"
		DefaultWebSiteLanguage = "Visual C#"
	EndProjectSection
EndProject
Project("{E24C65DC-7377-472B-9ABA-BC803B73C61A}") = "04_ForLoops", "04_ForLoops\", "{C97D5619-F49B-41D3-814C-265B90A360BB}"
	ProjectSection(WebsiteProperties) = preProject
		TargetFrameworkMoniker = ".NETFramework,Version%3Dv4.6.1"
		Debug.AspNetCompiler.VirtualPath = "/localhost_65452"
		Debug.AspNetCompiler.PhysicalPath = "04_ForLoops\"
		Debug.AspNetCompiler.TargetPath = "PrecompiledWeb\localhost_65452\"
		Debug.AspNetCompiler.Updateable = "true"
		Debug.AspNetCompiler.ForceOverwrite = "true"
		Debug.AspNetCompiler.FixedNames = "false"
		Debug.AspNetCompiler.Debug = "True"
		Release.AspNetCompiler.VirtualPath = "/localhost_65452"
		Release.AspNetCompiler.PhysicalPath = "04_ForLoops\"
		Release.AspNetCompiler.TargetPath = "PrecompiledWeb\localhost_65452\"
		Release.AspNetCompiler.Updateable = "true"
		Release.AspNetCompiler.ForceOverwrite = "true"
		Release.AspNetCompiler.FixedNames = "false"
		Release.AspNetCompiler.Debug = "False"
		VWDPort = "65452"
		SlnRelativePath = "04_ForLoops\"
		DefaultWebSiteLanguage = "Visual C#"
	EndProjectSection
EndProject
Project("{E24C65DC-7377-472B-9ABA-BC803B73C61A}") = "05_SwitchBlocks", "05_SwitchBlocks\", "{CDB70AAD-72B1-4CAD-82A1-5DD91A98BEB8}"
	ProjectSection(WebsiteProperties) = preProject
		TargetFrameworkMoniker = ".NETFramework,Version%3Dv4.6.1"
		Debug.AspNetCompiler.VirtualPath = "/localhost_58630"
		Debug.AspNetCompiler.PhysicalPath = "05_SwitchBlocks\"
		Debug.AspNetCompiler.TargetPath = "PrecompiledWeb\localhost_58630\"
		Debug.AspNetCompiler.Updateable = "true"
		Debug.AspNetCompiler.ForceOverwrite = "true"
		Debug.AspNetCompiler.FixedNames = "false"
		Debug.AspNetCompiler.Debug = "True"
		Release.AspNetCompiler.VirtualPath = "/localhost_58630"
		Release.AspNetCompiler.PhysicalPath = "05_SwitchBlocks\"
		Release.AspNetCompiler.TargetPath = "PrecompiledWeb\localhost_58630\"
		Release.AspNetCompiler.Updateable = "true"
		Release.AspNetCompiler.ForceOverwrite = "true"
		Release.AspNetCompiler.FixedNames = "false"
		Release.AspNetCompiler.Debug = "False"
		VWDPort = "58630"
		SlnRelativePath = "05_SwitchBlocks\"
		DefaultWebSiteLanguage = "Visual C#"
	EndProjectSection
EndProject
Project("{E24C65DC-7377-472B-9ABA-BC803B73C61A}") = "06_TryParse", "06_TryParse\", "{D78466F1-B2CC-45FF-A759-AC88A52ECB92}"
	ProjectSection(WebsiteProperties) = preProject
		TargetFrameworkMoniker = ".NETFramework,Version%3Dv4.6.1"
		Debug.AspNetCompiler.VirtualPath = "/localhost_59187"
		Debug.AspNetCompiler.PhysicalPath = "06_TryParse\"
		Debug.AspNetCompiler.TargetPath = "PrecompiledWeb\localhost_59187\"
		Debug.AspNetCompiler.Updateable = "true"
		Debug.AspNetCompiler.ForceOverwrite = "true"
		Debug.AspNetCompiler.FixedNames = "false"
		Debug.AspNetCompiler.Debug = "True"
		Release.AspNetCompiler.VirtualPath = "/localhost_59187"
		Release.AspNetCompiler.PhysicalPath = "06_TryParse\"
		Release.AspNetCompiler.TargetPath = "PrecompiledWeb\localhost_59187\"
		Release.AspNetCompiler.Updateable = "true"
		Release.AspNetCompiler.ForceOverwrite = "true"
		Release.AspNetCompiler.FixedNames = "false"
		Release.AspNetCompiler.Debug = "False"
		VWDPort = "59187"
		SlnRelativePath = "06_TryParse\"
		DefaultWebSiteLanguage = "Visual C#"
	EndProjectSection
EndProject
Project("{E24C65DC-7377-472B-9ABA-BC803B73C61A}") = "07_TernaryOperator", "07_TernaryOperator\", "{7AC8C0B8-36C9-47CA-A0B7-DF80E93CEB3A}"
	ProjectSection(WebsiteProperties) = preProject
		TargetFrameworkMoniker = ".NETFramework,Version%3Dv4.6.1"
		Debug.AspNetCompiler.VirtualPath = "/localhost_61912"
		Debug.AspNetCompiler.PhysicalPath = "07_TernaryOperator\"
		Debug.AspNetCompiler.TargetPath = "PrecompiledWeb\localhost_61912\"
		Debug.AspNetCompiler.Updateable = "true"
		Debug.AspNetCompiler.ForceOverwrite = "true"
		Debug.AspNetCompiler.FixedNames = "false"
		Debug.AspNetCompiler.Debug = "True"
		Release.AspNetCompiler.VirtualPath = "/localhost_61912"
		Release.AspNetCompiler.PhysicalPath = "07_TernaryOperator\"
		Release.AspNetCompiler.TargetPath = "PrecompiledWeb\localhost_61912\"
		Release.AspNetCompiler.Updateable = "true"
		Release.AspNetCompiler.ForceOverwrite = "true"
		Release.AspNetCompiler.FixedNames = "false"
		Release.AspNetCompiler.Debug = "False"
		VWDPort = "61912"
		SlnRelativePath = "07_TernaryOperator\"
		DefaultWebSiteLanguage = "Visual C#"
	EndProjectSection
EndProject
Project("{E24C65DC-7377-472B-9ABA-BC803B73C61A}") = "08_InPlaceEvaluation", "08_InPlaceEvaluation\", "{CFBA9103-718B-4C06-AB63-BCA5444B6894}"
	ProjectSection(WebsiteProperties) = preProject
		TargetFrameworkMoniker = ".NETFramework,Version%3Dv4.6.1"
		Debug.AspNetCompiler.VirtualPath = "/localhost_51527"
		Debug.AspNetCompiler.PhysicalPath = "08_InPlaceEvaluation\"
		Debug.AspNetCompiler.TargetPath = "PrecompiledWeb\localhost_51527\"
		Debug.AspNetCompiler.Updateable = "true"
		Debug.AspNetCompiler.ForceOverwrite = "true"
		Debug.AspNetCompiler.FixedNames = "false"
		Debug.AspNetCompiler.Debug = "True"
		Release.AspNetCompiler.VirtualPath = "/localhost_51527"
		Release.AspNetCompiler.PhysicalPath = "08_InPlaceEvaluation\"
		Release.AspNetCompiler.TargetPath = "PrecompiledWeb\localhost_51527\"
		Release.AspNetCompiler.Updateable = "true"
		Release.AspNetCompiler.ForceOverwrite = "true"
		Release.AspNetCompiler.FixedNames = "false"
		Release.AspNetCompiler.Debug = "False"
		VWDPort = "51527"
		SlnRelativePath = "08_InPlaceEvaluation\"
		DefaultWebSiteLanguage = "Visual C#"
	EndProjectSection
EndProject
Project("{E24C65DC-7377-472B-9ABA-BC803B73C61A}") = "09_LogicalAndOperator", "09_LogicalAndOperator\", "{066DE20C-2848-4551-BC97-86C44F229B50}"
	ProjectSection(WebsiteProperties) = preProject
		TargetFrameworkMoniker = ".NETFramework,Version%3Dv4.6.1"
		Debug.AspNetCompiler.VirtualPath = "/localhost_63956"
		Debug.AspNetCompiler.PhysicalPath = "09_LogicalAndOperator\"
		Debug.AspNetCompiler.TargetPath = "PrecompiledWeb\localhost_63956\"
		Debug.AspNetCompiler.Updateable = "true"
		Debug.AspNetCompiler.ForceOverwrite = "true"
		Debug.AspNetCompiler.FixedNames = "false"
		Debug.AspNetCompiler.Debug = "True"
		Release.AspNetCompiler.VirtualPath = "/localhost_63956"
		Release.AspNetCompiler.PhysicalPath = "09_LogicalAndOperator\"
		Release.AspNetCompiler.TargetPath = "PrecompiledWeb\localhost_63956\"
		Release.AspNetCompiler.Updateable = "true"
		Release.AspNetCompiler.ForceOverwrite = "true"
		Release.AspNetCompiler.FixedNames = "false"
		Release.AspNetCompiler.Debug = "False"
		VWDPort = "63956"
		SlnRelativePath = "09_LogicalAndOperator\"
		DefaultWebSiteLanguage = "Visual C#"
	EndProjectSection
EndProject
Project("{E24C65DC-7377-472B-9ABA-BC803B73C61A}") = "10_LogicalOrOperator", "10_LogicalOrOperator\", "{3A43F43F-9E5D-4375-9076-96E788571759}"
	ProjectSection(WebsiteProperties) = preProject
		TargetFrameworkMoniker = ".NETFramework,Version%3Dv4.6.1"
		Debug.AspNetCompiler.VirtualPath = "/localhost_64082"
		Debug.AspNetCompiler.PhysicalPath = "10_LogicalOrOperator\"
		Debug.AspNetCompiler.TargetPath = "PrecompiledWeb\localhost_64082\"
		Debug.AspNetCompiler.Updateable = "true"
		Debug.AspNetCompiler.ForceOverwrite = "true"
		Debug.AspNetCompiler.FixedNames = "false"
		Debug.AspNetCompiler.Debug = "True"
		Release.AspNetCompiler.VirtualPath = "/localhost_64082"
		Release.AspNetCompiler.PhysicalPath = "10_LogicalOrOperator\"
		Release.AspNetCompiler.TargetPath = "PrecompiledWeb\localhost_64082\"
		Release.AspNetCompiler.Updateable = "true"
		Release.AspNetCompiler.ForceOverwrite = "true"
		Release.AspNetCompiler.FixedNames = "false"
		Release.AspNetCompiler.Debug = "False"
		VWDPort = "64082"
		SlnRelativePath = "10_LogicalOrOperator\"
		DefaultWebSiteLanguage = "Visual C#"
	EndProjectSection
EndProject
Project("{E24C65DC-7377-472B-9ABA-BC803B73C61A}") = "11_ArrayBasics", "11_ArrayBasics\", "{BF75FA23-DCE7-4660-8365-164E58F63EF8}"
	ProjectSection(WebsiteProperties) = preProject
		TargetFrameworkMoniker = ".NETFramework,Version%3Dv4.6.1"
		Debug.AspNetCompiler.VirtualPath = "/localhost_64214"
		Debug.AspNetCompiler.PhysicalPath = "11_ArrayBasics\"
		Debug.AspNetCompiler.TargetPath = "PrecompiledWeb\localhost_64214\"
		Debug.AspNetCompiler.Updateable = "true"
		Debug.AspNetCompiler.ForceOverwrite = "true"
		Debug.AspNetCompiler.FixedNames = "false"
		Debug.AspNetCompiler.Debug = "True"
		Release.AspNetCompiler.VirtualPath = "/localhost_64214"
		Release.AspNetCompiler.PhysicalPath = "11_ArrayBasics\"
		Release.AspNetCompiler.TargetPath = "PrecompiledWeb\localhost_64214\"
		Release.AspNetCompiler.Updateable = "true"
		Release.AspNetCompiler.ForceOverwrite = "true"
		Release.AspNetCompiler.FixedNames = "false"
		Release.AspNetCompiler.Debug = "False"
		VWDPort = "64214"
		SlnRelativePath = "11_ArrayBasics\"
		DefaultWebSiteLanguage = "Visual C#"
	EndProjectSection
EndProject
Project("{E24C65DC-7377-472B-9ABA-BC803B73C61A}") = "12_ArrayLoops", "12_ArrayLoops\", "{9FFDD50C-71CD-4472-BB10-9EB75B8A4AD7}"
	ProjectSection(WebsiteProperties) = preProject
		TargetFrameworkMoniker = ".NETFramework,Version%3Dv4.6.1"
		Debug.AspNetCompiler.VirtualPath = "/localhost_52854"
		Debug.AspNetCompiler.PhysicalPath = "12_ArrayLoops\"
		Debug.AspNetCompiler.TargetPath = "PrecompiledWeb\localhost_52854\"
		Debug.AspNetCompiler.Updateable = "true"
		Debug.AspNetCompiler.ForceOverwrite = "true"
		Debug.AspNetCompiler.FixedNames = "false"
		Debug.AspNetCompiler.Debug = "True"
		Release.AspNetCompiler.VirtualPath = "/localhost_52854"
		Release.AspNetCompiler.PhysicalPath = "12_ArrayLoops\"
		Release.AspNetCompiler.TargetPath = "PrecompiledWeb\localhost_52854\"
		Release.AspNetCompiler.Updateable = "true"
		Release.AspNetCompiler.ForceOverwrite = "true"
		Release.AspNetCompiler.FixedNames = "false"
		Release.AspNetCompiler.Debug = "False"
		VWDPort = "52854"
		SlnRelativePath = "12_ArrayLoops\"
		DefaultWebSiteLanguage = "Visual C#"
	EndProjectSection
EndProject
Project("{E24C65DC-7377-472B-9ABA-BC803B73C61A}") = "13_SimpleMethods", "13_SimpleMethods\", "{28E3E0B1-2289-4EE7-A98D-6BC31B78CD4F}"
	ProjectSection(WebsiteProperties) = preProject
		TargetFrameworkMoniker = ".NETFramework,Version%3Dv4.6.1"
		Debug.AspNetCompiler.VirtualPath = "/localhost_51599"
		Debug.AspNetCompiler.PhysicalPath = "13_SimpleMethods\"
		Debug.AspNetCompiler.TargetPath = "PrecompiledWeb\localhost_51599\"
		Debug.AspNetCompiler.Updateable = "true"
		Debug.AspNetCompiler.ForceOverwrite = "true"
		Debug.AspNetCompiler.FixedNames = "false"
		Debug.AspNetCompiler.Debug = "True"
		Release.AspNetCompiler.VirtualPath = "/localhost_51599"
		Release.AspNetCompiler.PhysicalPath = "13_SimpleMethods\"
		Release.AspNetCompiler.TargetPath = "PrecompiledWeb\localhost_51599\"
		Release.AspNetCompiler.Updateable = "true"
		Release.AspNetCompiler.ForceOverwrite = "true"
		Release.AspNetCompiler.FixedNames = "false"
		Release.AspNetCompiler.Debug = "False"
		VWDPort = "51599"
		SlnRelativePath = "13_SimpleMethods\"
		DefaultWebSiteLanguage = "Visual C#"
	EndProjectSection
EndProject
Project("{E24C65DC-7377-472B-9ABA-BC803B73C61A}") = "14_PassingArraysToMethods", "14_PassingArraysToMethods\", "{1668F20C-B8A5-4532-8A20-960D58BBC145}"
	ProjectSection(WebsiteProperties) = preProject
		TargetFrameworkMoniker = ".NETFramework,Version%3Dv4.6.1"
		Debug.AspNetCompiler.VirtualPath = "/localhost_55029"
		Debug.AspNetCompiler.PhysicalPath = "14_PassingArraysToMethods\"
		Debug.AspNetCompiler.TargetPath = "PrecompiledWeb\localhost_55029\"
		Debug.AspNetCompiler.Updateable = "true"
		Debug.AspNetCompiler.ForceOverwrite = "true"
		Debug.AspNetCompiler.FixedNames = "false"
		Debug.AspNetCompiler.Debug = "True"
		Release.AspNetCompiler.VirtualPath = "/localhost_55029"
		Release.AspNetCompiler.PhysicalPath = "14_PassingArraysToMethods\"
		Release.AspNetCompiler.TargetPath = "PrecompiledWeb\localhost_55029\"
		Release.AspNetCompiler.Updateable = "true"
		Release.AspNetCompiler.ForceOverwrite = "true"
		Release.AspNetCompiler.FixedNames = "false"
		Release.AspNetCompiler.Debug = "False"
		VWDPort = "55029"
		SlnRelativePath = "14_PassingArraysToMethods\"
		DefaultWebSiteLanguage = "Visual C#"
	EndProjectSection
EndProject
Project("{E24C65DC-7377-472B-9ABA-BC803B73C61A}") = "15_ReferenceAndValueTypes", "15_ReferenceAndValueTypes\", "{C1B579DC-239F-4CD3-B738-91EE0558FE09}"
	ProjectSection(WebsiteProperties) = preProject
		TargetFrameworkMoniker = ".NETFramework,Version%3Dv4.6.1"
		Debug.AspNetCompiler.VirtualPath = "/localhost_55276"
		Debug.AspNetCompiler.PhysicalPath = "15_ReferenceAndValueTypes\"
		Debug.AspNetCompiler.TargetPath = "PrecompiledWeb\localhost_55276\"
		Debug.AspNetCompiler.Updateable = "true"
		Debug.AspNetCompiler.ForceOverwrite = "true"
		Debug.AspNetCompiler.FixedNames = "false"
		Debug.AspNetCompiler.Debug = "True"
		Release.AspNetCompiler.VirtualPath = "/localhost_55276"
		Release.AspNetCompiler.PhysicalPath = "15_ReferenceAndValueTypes\"
		Release.AspNetCompiler.TargetPath = "PrecompiledWeb\localhost_55276\"
		Release.AspNetCompiler.Updateable = "true"
		Release.AspNetCompiler.ForceOverwrite = "true"
		Release.AspNetCompiler.FixedNames = "false"
		Release.AspNetCompiler.Debug = "False"
		VWDPort = "55276"
		SlnRelativePath = "15_ReferenceAndValueTypes\"
		DefaultWebSiteLanguage = "Visual C#"
	EndProjectSection
EndProject
Project("{E24C65DC-7377-472B-9ABA-BC803B73C61A}") = "16_ParamsKeyword", "16_ParamsKeyword\", "{EE732BA5-8533-412C-A3D6-288E280642D2}"
	ProjectSection(WebsiteProperties) = preProject
		TargetFrameworkMoniker = ".NETFramework,Version%3Dv4.6.1"
		Debug.AspNetCompiler.VirtualPath = "/localhost_55720"
		Debug.AspNetCompiler.PhysicalPath = "16_ParamsKeyword\"
		Debug.AspNetCompiler.TargetPath = "PrecompiledWeb\localhost_55720\"
		Debug.AspNetCompiler.Updateable = "true"
		Debug.AspNetCompiler.ForceOverwrite = "true"
		Debug.AspNetCompiler.FixedNames = "false"
		Debug.AspNetCompiler.Debug = "True"
		Release.AspNetCompiler.VirtualPath = "/localhost_55720"
		Release.AspNetCompiler.PhysicalPath = "16_ParamsKeyword\"
		Release.AspNetCompiler.TargetPath = "PrecompiledWeb\localhost_55720\"
		Release.AspNetCompiler.Updateable = "true"
		Release.AspNetCompiler.ForceOverwrite = "true"
		Release.AspNetCompiler.FixedNames = "false"
		Release.AspNetCompiler.Debug = "False"
		VWDPort = "55720"
		SlnRelativePath = "16_ParamsKeyword\"
		DefaultWebSiteLanguage = "Visual C#"
	EndProjectSection
EndProject
Project("{E24C65DC-7377-472B-9ABA-BC803B73C61A}") = "17_OutKeyword", "17_OutKeyword\", "{A5F96E01-206C-4FFF-A7B7-468AC011BCB0}"
	ProjectSection(WebsiteProperties) = preProject
		TargetFrameworkMoniker = ".NETFramework,Version%3Dv4.6.1"
		Debug.AspNetCompiler.VirtualPath = "/localhost_50318"
		Debug.AspNetCompiler.PhysicalPath = "17_OutKeyword\"
		Debug.AspNetCompiler.TargetPath = "PrecompiledWeb\localhost_50318\"
		Debug.AspNetCompiler.Updateable = "true"
		Debug.AspNetCompiler.ForceOverwrite = "true"
		Debug.AspNetCompiler.FixedNames = "false"
		Debug.AspNetCompiler.Debug = "True"
		Release.AspNetCompiler.VirtualPath = "/localhost_50318"
		Release.AspNetCompiler.PhysicalPath = "17_OutKeyword\"
		Release.AspNetCompiler.TargetPath = "PrecompiledWeb\localhost_50318\"
		Release.AspNetCompiler.Updateable = "true"
		Release.AspNetCompiler.ForceOverwrite = "true"
		Release.AspNetCompiler.FixedNames = "false"
		Release.AspNetCompiler.Debug = "False"
		VWDPort = "50318"
		SlnRelativePath = "17_OutKeyword\"
		DefaultWebSiteLanguage = "Visual C#"
	EndProjectSection
EndProject
Project("{E24C65DC-7377-472B-9ABA-BC803B73C61A}") = "18_MultidimensionalArrays", "18_MultidimensionalArrays\", "{613ECD07-37B7-4B2C-B50A-500594306508}"
	ProjectSection(WebsiteProperties) = preProject
		TargetFrameworkMoniker = ".NETFramework,Version%3Dv4.6.1"
		Debug.AspNetCompiler.VirtualPath = "/localhost_61178"
		Debug.AspNetCompiler.PhysicalPath = "18_MultidimensionalArrays\"
		Debug.AspNetCompiler.TargetPath = "PrecompiledWeb\localhost_61178\"
		Debug.AspNetCompiler.Updateable = "true"
		Debug.AspNetCompiler.ForceOverwrite = "true"
		Debug.AspNetCompiler.FixedNames = "false"
		Debug.AspNetCompiler.Debug = "True"
		Release.AspNetCompiler.VirtualPath = "/localhost_61178"
		Release.AspNetCompiler.PhysicalPath = "18_MultidimensionalArrays\"
		Release.AspNetCompiler.TargetPath = "PrecompiledWeb\localhost_61178\"
		Release.AspNetCompiler.Updateable = "true"
		Release.AspNetCompiler.ForceOverwrite = "true"
		Release.AspNetCompiler.FixedNames = "false"
		Release.AspNetCompiler.Debug = "False"
		VWDPort = "61178"
		SlnRelativePath = "18_MultidimensionalArrays\"
		DefaultWebSiteLanguage = "Visual C#"
	EndProjectSection
EndProject
Project("{E24C65DC-7377-472B-9ABA-BC803B73C61A}") = "19_VarAndDynamic", "19_VarAndDynamic\", "{5A109842-8DE4-42F6-9B85-B13CEFC42FB6}"
	ProjectSection(WebsiteProperties) = preProject
		TargetFrameworkMoniker = ".NETFramework,Version%3Dv4.6.1"
		Debug.AspNetCompiler.VirtualPath = "/localhost_62618"
		Debug.AspNetCompiler.PhysicalPath = "19_VarAndDynamic\"
		Debug.AspNetCompiler.TargetPath = "PrecompiledWeb\localhost_62618\"
		Debug.AspNetCompiler.Updateable = "true"
		Debug.AspNetCompiler.ForceOverwrite = "true"
		Debug.AspNetCompiler.FixedNames = "false"
		Debug.AspNetCompiler.Debug = "True"
		Release.AspNetCompiler.VirtualPath = "/localhost_62618"
		Release.AspNetCompiler.PhysicalPath = "19_VarAndDynamic\"
		Release.AspNetCompiler.TargetPath = "PrecompiledWeb\localhost_62618\"
		Release.AspNetCompiler.Updateable = "true"
		Release.AspNetCompiler.ForceOverwrite = "true"
		Release.AspNetCompiler.FixedNames = "false"
		Release.AspNetCompiler.Debug = "False"
		VWDPort = "62618"
		SlnRelativePath = "19_VarAndDynamic\"
		DefaultWebSiteLanguage = "Visual C#"
	EndProjectSection
EndProject
Project("{E24C65DC-7377-472B-9ABA-BC803B73C61A}") = "20_CreatingClasses", "20_CreatingClasses\", "{7D1AFFAC-B934-4F7B-A7B2-C34603244C43}"
	ProjectSection(WebsiteProperties) = preProject
		TargetFrameworkMoniker = ".NETFramework,Version%3Dv4.6.1"
		Debug.AspNetCompiler.VirtualPath = "/localhost_65443"
		Debug.AspNetCompiler.PhysicalPath = "20_CreatingClasses\"
		Debug.AspNetCompiler.TargetPath = "PrecompiledWeb\localhost_65443\"
		Debug.AspNetCompiler.Updateable = "true"
		Debug.AspNetCompiler.ForceOverwrite = "true"
		Debug.AspNetCompiler.FixedNames = "false"
		Debug.AspNetCompiler.Debug = "True"
		Release.AspNetCompiler.VirtualPath = "/localhost_65443"
		Release.AspNetCompiler.PhysicalPath = "20_CreatingClasses\"
		Release.AspNetCompiler.TargetPath = "PrecompiledWeb\localhost_65443\"
		Release.AspNetCompiler.Updateable = "true"
		Release.AspNetCompiler.ForceOverwrite = "true"
		Release.AspNetCompiler.FixedNames = "false"
		Release.AspNetCompiler.Debug = "False"
		VWDPort = "65443"
		SlnRelativePath = "20_CreatingClasses\"
		DefaultWebSiteLanguage = "Visual C#"
	EndProjectSection
EndProject
Project("{E24C65DC-7377-472B-9ABA-BC803B73C61A}") = "21_StaticClasses", "21_StaticClasses\", "{8C9BBF88-7215-4785-B8B2-C698487FF3E7}"
	ProjectSection(WebsiteProperties) = preProject
		TargetFrameworkMoniker = ".NETFramework,Version%3Dv4.6.1"
		Debug.AspNetCompiler.VirtualPath = "/localhost_49466"
		Debug.AspNetCompiler.PhysicalPath = "21_StaticClasses\"
		Debug.AspNetCompiler.TargetPath = "PrecompiledWeb\localhost_49466\"
		Debug.AspNetCompiler.Updateable = "true"
		Debug.AspNetCompiler.ForceOverwrite = "true"
		Debug.AspNetCompiler.FixedNames = "false"
		Debug.AspNetCompiler.Debug = "True"
		Release.AspNetCompiler.VirtualPath = "/localhost_49466"
		Release.AspNetCompiler.PhysicalPath = "21_StaticClasses\"
		Release.AspNetCompiler.TargetPath = "PrecompiledWeb\localhost_49466\"
		Release.AspNetCompiler.Updateable = "true"
		Release.AspNetCompiler.ForceOverwrite = "true"
		Release.AspNetCompiler.FixedNames = "false"
		Release.AspNetCompiler.Debug = "False"
		VWDPort = "49466"
		SlnRelativePath = "21_StaticClasses\"
		DefaultWebSiteLanguage = "Visual C#"
	EndProjectSection
EndProject
Project("{E24C65DC-7377-472B-9ABA-BC803B73C61A}") = "22_ObjectProperties", "22_ObjectProperties\", "{F08818E9-A876-41CE-A036-067B41B1C617}"
	ProjectSection(WebsiteProperties) = preProject
		TargetFrameworkMoniker = ".NETFramework,Version%3Dv4.6.1"
		Debug.AspNetCompiler.VirtualPath = "/localhost_49749"
		Debug.AspNetCompiler.PhysicalPath = "22_ObjectProperties\"
		Debug.AspNetCompiler.TargetPath = "PrecompiledWeb\localhost_49749\"
		Debug.AspNetCompiler.Updateable = "true"
		Debug.AspNetCompiler.ForceOverwrite = "true"
		Debug.AspNetCompiler.FixedNames = "false"
		Debug.AspNetCompiler.Debug = "True"
		Release.AspNetCompiler.VirtualPath = "/localhost_49749"
		Release.AspNetCompiler.PhysicalPath = "22_ObjectProperties\"
		Release.AspNetCompiler.TargetPath = "PrecompiledWeb\localhost_49749\"
		Release.AspNetCompiler.Updateable = "true"
		Release.AspNetCompiler.ForceOverwrite = "true"
		Release.AspNetCompiler.FixedNames = "false"
		Release.AspNetCompiler.Debug = "False"
		VWDPort = "49749"
		SlnRelativePath = "22_ObjectProperties\"
		DefaultWebSiteLanguage = "Visual C#"
	EndProjectSection
EndProject
Project("{E24C65DC-7377-472B-9ABA-BC803B73C61A}") = "23_ComplexClass", "23_ComplexClass\", "{01D8BA13-AA95-426E-9FB1-6C779481B31E}"
	ProjectSection(WebsiteProperties) = preProject
		TargetFrameworkMoniker = ".NETFramework,Version%3Dv4.6.1"
		Debug.AspNetCompiler.VirtualPath = "/localhost_50826"
		Debug.AspNetCompiler.PhysicalPath = "23_ComplexClass\"
		Debug.AspNetCompiler.TargetPath = "PrecompiledWeb\localhost_50826\"
		Debug.AspNetCompiler.Updateable = "true"
		Debug.AspNetCompiler.ForceOverwrite = "true"
		Debug.AspNetCompiler.FixedNames = "false"
		Debug.AspNetCompiler.Debug = "True"
		Release.AspNetCompiler.VirtualPath = "/localhost_50826"
		Release.AspNetCompiler.PhysicalPath = "23_ComplexClass\"
		Release.AspNetCompiler.TargetPath = "PrecompiledWeb\localhost_50826\"
		Release.AspNetCompiler.Updateable = "true"
		Release.AspNetCompiler.ForceOverwrite = "true"
		Release.AspNetCompiler.FixedNames = "false"
		Release.AspNetCompiler.Debug = "False"
		VWDPort = "50826"
		SlnRelativePath = "23_ComplexClass\"
		DefaultWebSiteLanguage = "Visual C#"
	EndProjectSection
EndProject
Project("{E24C65DC-7377-472B-9ABA-BC803B73C61A}") = "24_ClassInheritance", "24_ClassInheritance\", "{C0D5860F-E636-4159-BEAD-F576E915337C}"
	ProjectSection(WebsiteProperties) = preProject
		TargetFrameworkMoniker = ".NETFramework,Version%3Dv4.6.1"
		Debug.AspNetCompiler.VirtualPath = "/localhost_59660"
		Debug.AspNetCompiler.PhysicalPath = "24_ClassInheritance\"
		Debug.AspNetCompiler.TargetPath = "PrecompiledWeb\localhost_59660\"
		Debug.AspNetCompiler.Updateable = "true"
		Debug.AspNetCompiler.ForceOverwrite = "true"
		Debug.AspNetCompiler.FixedNames = "false"
		Debug.AspNetCompiler.Debug = "True"
		Release.AspNetCompiler.VirtualPath = "/localhost_59660"
		Release.AspNetCompiler.PhysicalPath = "24_ClassInheritance\"
		Release.AspNetCompiler.TargetPath = "PrecompiledWeb\localhost_59660\"
		Release.AspNetCompiler.Updateable = "true"
		Release.AspNetCompiler.ForceOverwrite = "true"
		Release.AspNetCompiler.FixedNames = "false"
		Release.AspNetCompiler.Debug = "False"
		VWDPort = "59660"
		SlnRelativePath = "24_ClassInheritance\"
		DefaultWebSiteLanguage = "Visual C#"
	EndProjectSection
EndProject
Project("{E24C65DC-7377-472B-9ABA-BC803B73C61A}") = "25_VirtualFunctions", "25_VirtualFunctions\", "{B1F7D16F-E9ED-4586-AA67-3BD5BB009983}"
	ProjectSection(WebsiteProperties) = preProject
		TargetFrameworkMoniker = ".NETFramework,Version%3Dv4.6.1"
		Debug.AspNetCompiler.VirtualPath = "/localhost_61026"
		Debug.AspNetCompiler.PhysicalPath = "25_VirtualFunctions\"
		Debug.AspNetCompiler.TargetPath = "PrecompiledWeb\localhost_61026\"
		Debug.AspNetCompiler.Updateable = "true"
		Debug.AspNetCompiler.ForceOverwrite = "true"
		Debug.AspNetCompiler.FixedNames = "false"
		Debug.AspNetCompiler.Debug = "True"
		Release.AspNetCompiler.VirtualPath = "/localhost_61026"
		Release.AspNetCompiler.PhysicalPath = "25_VirtualFunctions\"
		Release.AspNetCompiler.TargetPath = "PrecompiledWeb\localhost_61026\"
		Release.AspNetCompiler.Updateable = "true"
		Release.AspNetCompiler.ForceOverwrite = "true"
		Release.AspNetCompiler.FixedNames = "false"
		Release.AspNetCompiler.Debug = "False"
		VWDPort = "61026"
		SlnRelativePath = "25_VirtualFunctions\"
		DefaultWebSiteLanguage = "Visual C#"
	EndProjectSection
EndProject
Project("{E24C65DC-7377-472B-9ABA-BC803B73C61A}") = "26_AbstractClasses", "26_AbstractClasses\", "{48612C91-EE05-4584-A379-C7AB5020F6FF}"
	ProjectSection(WebsiteProperties) = preProject
		TargetFrameworkMoniker = ".NETFramework,Version%3Dv4.6.1"
		Debug.AspNetCompiler.VirtualPath = "/localhost_55500"
		Debug.AspNetCompiler.PhysicalPath = "26_AbstractClasses\"
		Debug.AspNetCompiler.TargetPath = "PrecompiledWeb\localhost_55500\"
		Debug.AspNetCompiler.Updateable = "true"
		Debug.AspNetCompiler.ForceOverwrite = "true"
		Debug.AspNetCompiler.FixedNames = "false"
		Debug.AspNetCompiler.Debug = "True"
		Release.AspNetCompiler.VirtualPath = "/localhost_55500"
		Release.AspNetCompiler.PhysicalPath = "26_AbstractClasses\"
		Release.AspNetCompiler.TargetPath = "PrecompiledWeb\localhost_55500\"
		Release.AspNetCompiler.Updateable = "true"
		Release.AspNetCompiler.ForceOverwrite = "true"
		Release.AspNetCompiler.FixedNames = "false"
		Release.AspNetCompiler.Debug = "False"
		VWDPort = "55500"
		SlnRelativePath = "26_AbstractClasses\"
		DefaultWebSiteLanguage = "Visual C#"
	EndProjectSection
EndProject
Project("{E24C65DC-7377-472B-9ABA-BC803B73C61A}") = "27_CustomReturnTypes", "27_CustomReturnTypes\", "{738049C6-2A87-4E4D-844A-A63E96DD2739}"
	ProjectSection(WebsiteProperties) = preProject
		TargetFrameworkMoniker = ".NETFramework,Version%3Dv4.6.1"
		Debug.AspNetCompiler.VirtualPath = "/localhost_55940"
		Debug.AspNetCompiler.PhysicalPath = "27_CustomReturnTypes\"
		Debug.AspNetCompiler.TargetPath = "PrecompiledWeb\localhost_55940\"
		Debug.AspNetCompiler.Updateable = "true"
		Debug.AspNetCompiler.ForceOverwrite = "true"
		Debug.AspNetCompiler.FixedNames = "false"
		Debug.AspNetCompiler.Debug = "True"
		Release.AspNetCompiler.VirtualPath = "/localhost_55940"
		Release.AspNetCompiler.PhysicalPath = "27_CustomReturnTypes\"
		Release.AspNetCompiler.TargetPath = "PrecompiledWeb\localhost_55940\"
		Release.AspNetCompiler.Updateable = "true"
		Release.AspNetCompiler.ForceOverwrite = "true"
		Release.AspNetCompiler.FixedNames = "false"
		Release.AspNetCompiler.Debug = "False"
		VWDPort = "55940"
		SlnRelativePath = "27_CustomReturnTypes\"
		DefaultWebSiteLanguage = "Visual C#"
	EndProjectSection
EndProject
Project("{E24C65DC-7377-472B-9ABA-BC803B73C61A}") = "28_EfficientListOperations", "28_EfficientListOperations\", "{4B7BFA47-F854-4950-9893-2744CA4884EF}"
	ProjectSection(WebsiteProperties) = preProject
		TargetFrameworkMoniker = ".NETFramework,Version%3Dv4.6.1"
		Debug.AspNetCompiler.VirtualPath = "/localhost_56475"
		Debug.AspNetCompiler.PhysicalPath = "28_EfficientListOperations\"
		Debug.AspNetCompiler.TargetPath = "PrecompiledWeb\localhost_56475\"
		Debug.AspNetCompiler.Updateable = "true"
		Debug.AspNetCompiler.ForceOverwrite = "true"
		Debug.AspNetCompiler.FixedNames = "false"
		Debug.AspNetCompiler.Debug = "True"
		Release.AspNetCompiler.VirtualPath = "/localhost_56475"
		Release.AspNetCompiler.PhysicalPath = "28_EfficientListOperations\"
		Release.AspNetCompiler.TargetPath = "PrecompiledWeb\localhost_56475\"
		Release.AspNetCompiler.Updateable = "true"
		Release.AspNetCompiler.ForceOverwrite = "true"
		Release.AspNetCompiler.FixedNames = "false"
		Release.AspNetCompiler.Debug = "False"
		VWDPort = "56475"
		SlnRelativePath = "28_EfficientListOperations\"
		DefaultWebSiteLanguage = "Visual C#"
	EndProjectSection
EndProject
Project("{E24C65DC-7377-472B-9ABA-BC803B73C61A}") = "29_Polymorphism", "29_Polymorphism\", "{F47AFD60-42F5-4E95-BD01-877FF5A8F0E9}"
	ProjectSection(WebsiteProperties) = preProject
		TargetFrameworkMoniker = ".NETFramework,Version%3Dv4.6.1"
		Debug.AspNetCompiler.VirtualPath = "/localhost_57667"
		Debug.AspNetCompiler.PhysicalPath = "29_Polymorphism\"
		Debug.AspNetCompiler.TargetPath = "PrecompiledWeb\localhost_57667\"
		Debug.AspNetCompiler.Updateable = "true"
		Debug.AspNetCompiler.ForceOverwrite = "true"
		Debug.AspNetCompiler.FixedNames = "false"
		Debug.AspNetCompiler.Debug = "True"
		Release.AspNetCompiler.VirtualPath = "/localhost_57667"
		Release.AspNetCompiler.PhysicalPath = "29_Polymorphism\"
		Release.AspNetCompiler.TargetPath = "PrecompiledWeb\localhost_57667\"
		Release.AspNetCompiler.Updateable = "true"
		Release.AspNetCompiler.ForceOverwrite = "true"
		Release.AspNetCompiler.FixedNames = "false"
		Release.AspNetCompiler.Debug = "False"
		VWDPort = "57667"
		SlnRelativePath = "29_Polymorphism\"
		DefaultWebSiteLanguage = "Visual C#"
	EndProjectSection
EndProject
Project("{E24C65DC-7377-472B-9ABA-BC803B73C61A}") = "30_Interfaces", "30_Interfaces\", "{C025DA70-5771-4091-9583-7BB5538DA342}"
	ProjectSection(WebsiteProperties) = preProject
		TargetFrameworkMoniker = ".NETFramework,Version%3Dv4.6.1"
		Debug.AspNetCompiler.VirtualPath = "/localhost_58266"
		Debug.AspNetCompiler.PhysicalPath = "30_Interfaces\"
		Debug.AspNetCompiler.TargetPath = "PrecompiledWeb\localhost_58266\"
		Debug.AspNetCompiler.Updateable = "true"
		Debug.AspNetCompiler.ForceOverwrite = "true"
		Debug.AspNetCompiler.FixedNames = "false"
		Debug.AspNetCompiler.Debug = "True"
		Release.AspNetCompiler.VirtualPath = "/localhost_58266"
		Release.AspNetCompiler.PhysicalPath = "30_Interfaces\"
		Release.AspNetCompiler.TargetPath = "PrecompiledWeb\localhost_58266\"
		Release.AspNetCompiler.Updateable = "true"
		Release.AspNetCompiler.ForceOverwrite = "true"
		Release.AspNetCompiler.FixedNames = "false"
		Release.AspNetCompiler.Debug = "False"
		VWDPort = "58266"
		SlnRelativePath = "30_Interfaces\"
		DefaultWebSiteLanguage = "Visual C#"
	EndProjectSection
EndProject
Project("{E24C65DC-7377-472B-9ABA-BC803B73C61A}") = "31_Indexers", "31_Indexers\", "{3C661B69-4179-42CB-80C3-7F178F3C1574}"
	ProjectSection(WebsiteProperties) = preProject
		TargetFrameworkMoniker = ".NETFramework,Version%3Dv4.6.1"
		Debug.AspNetCompiler.VirtualPath = "/localhost_59497"
		Debug.AspNetCompiler.PhysicalPath = "31_Indexers\"
		Debug.AspNetCompiler.TargetPath = "PrecompiledWeb\localhost_59497\"
		Debug.AspNetCompiler.Updateable = "true"
		Debug.AspNetCompiler.ForceOverwrite = "true"
		Debug.AspNetCompiler.FixedNames = "false"
		Debug.AspNetCompiler.Debug = "True"
		Release.AspNetCompiler.VirtualPath = "/localhost_59497"
		Release.AspNetCompiler.PhysicalPath = "31_Indexers\"
		Release.AspNetCompiler.TargetPath = "PrecompiledWeb\localhost_59497\"
		Release.AspNetCompiler.Updateable = "true"
		Release.AspNetCompiler.ForceOverwrite = "true"
		Release.AspNetCompiler.FixedNames = "false"
		Release.AspNetCompiler.Debug = "False"
		VWDPort = "59497"
		SlnRelativePath = "31_Indexers\"
		DefaultWebSiteLanguage = "Visual C#"
	EndProjectSection
EndProject
Project("{E24C65DC-7377-472B-9ABA-BC803B73C61A}") = "32_ExceptionHandling", "32_ExceptionHandling\", "{CB9B5B17-3BC1-4048-ABEF-E4E7857063FF}"
	ProjectSection(WebsiteProperties) = preProject
		TargetFrameworkMoniker = ".NETFramework,Version%3Dv4.6.1"
		Debug.AspNetCompiler.VirtualPath = "/localhost_60131"
		Debug.AspNetCompiler.PhysicalPath = "32_ExceptionHandling\"
		Debug.AspNetCompiler.TargetPath = "PrecompiledWeb\localhost_60131\"
		Debug.AspNetCompiler.Updateable = "true"
		Debug.AspNetCompiler.ForceOverwrite = "true"
		Debug.AspNetCompiler.FixedNames = "false"
		Debug.AspNetCompiler.Debug = "True"
		Release.AspNetCompiler.VirtualPath = "/localhost_60131"
		Release.AspNetCompiler.PhysicalPath = "32_ExceptionHandling\"
		Release.AspNetCompiler.TargetPath = "PrecompiledWeb\localhost_60131\"
		Release.AspNetCompiler.Updateable = "true"
		Release.AspNetCompiler.ForceOverwrite = "true"
		Release.AspNetCompiler.FixedNames = "false"
		Release.AspNetCompiler.Debug = "False"
		VWDPort = "60131"
		SlnRelativePath = "32_ExceptionHandling\"
		DefaultWebSiteLanguage = "Visual C#"
	EndProjectSection
EndProject
Project("{E24C65DC-7377-472B-9ABA-BC803B73C61A}") = "33_OptionalParameters", "33_OptionalParameters\", "{6A16C96A-923D-4E7B-BE8B-19C020E2AB55}"
	ProjectSection(WebsiteProperties) = preProject
		TargetFrameworkMoniker = ".NETFramework,Version%3Dv4.6.1"
		Debug.AspNetCompiler.VirtualPath = "/localhost_60550"
		Debug.AspNetCompiler.PhysicalPath = "33_OptionalParameters\"
		Debug.AspNetCompiler.TargetPath = "PrecompiledWeb\localhost_60550\"
		Debug.AspNetCompiler.Updateable = "true"
		Debug.AspNetCompiler.ForceOverwrite = "true"
		Debug.AspNetCompiler.FixedNames = "false"
		Debug.AspNetCompiler.Debug = "True"
		Release.AspNetCompiler.VirtualPath = "/localhost_60550"
		Release.AspNetCompiler.PhysicalPath = "33_OptionalParameters\"
		Release.AspNetCompiler.TargetPath = "PrecompiledWeb\localhost_60550\"
		Release.AspNetCompiler.Updateable = "true"
		Release.AspNetCompiler.ForceOverwrite = "true"
		Release.AspNetCompiler.FixedNames = "false"
		Release.AspNetCompiler.Debug = "False"
		VWDPort = "60550"
		SlnRelativePath = "33_OptionalParameters\"
		DefaultWebSiteLanguage = "Visual C#"
	EndProjectSection
EndProject
Project("{E24C65DC-7377-472B-9ABA-BC803B73C61A}") = "34_NullOperator", "34_NullOperator\", "{3A0D4EBE-2157-41B1-B403-07B0F2E8FEAD}"
	ProjectSection(WebsiteProperties) = preProject
		TargetFrameworkMoniker = ".NETFramework,Version%3Dv4.6.1"
		Debug.AspNetCompiler.VirtualPath = "/localhost_61146"
		Debug.AspNetCompiler.PhysicalPath = "34_NullOperator\"
		Debug.AspNetCompiler.TargetPath = "PrecompiledWeb\localhost_61146\"
		Debug.AspNetCompiler.Updateable = "true"
		Debug.AspNetCompiler.ForceOverwrite = "true"
		Debug.AspNetCompiler.FixedNames = "false"
		Debug.AspNetCompiler.Debug = "True"
		Release.AspNetCompiler.VirtualPath = "/localhost_61146"
		Release.AspNetCompiler.PhysicalPath = "34_NullOperator\"
		Release.AspNetCompiler.TargetPath = "PrecompiledWeb\localhost_61146\"
		Release.AspNetCompiler.Updateable = "true"
		Release.AspNetCompiler.ForceOverwrite = "true"
		Release.AspNetCompiler.FixedNames = "false"
		Release.AspNetCompiler.Debug = "False"
		VWDPort = "61146"
		SlnRelativePath = "34_NullOperator\"
		DefaultWebSiteLanguage = "Visual C#"
	EndProjectSection
EndProject
Project("{E24C65DC-7377-472B-9ABA-BC803B73C61A}") = "35_OperatorOverloading", "35_OperatorOverloading\", "{9FAA2CB3-0FC7-4BC5-9916-490906952EC2}"
	ProjectSection(WebsiteProperties) = preProject
		TargetFrameworkMoniker = ".NETFramework,Version%3Dv4.6.1"
		Debug.AspNetCompiler.VirtualPath = "/localhost_61506"
		Debug.AspNetCompiler.PhysicalPath = "35_OperatorOverloading\"
		Debug.AspNetCompiler.TargetPath = "PrecompiledWeb\localhost_61506\"
		Debug.AspNetCompiler.Updateable = "true"
		Debug.AspNetCompiler.ForceOverwrite = "true"
		Debug.AspNetCompiler.FixedNames = "false"
		Debug.AspNetCompiler.Debug = "True"
		Release.AspNetCompiler.VirtualPath = "/localhost_61506"
		Release.AspNetCompiler.PhysicalPath = "35_OperatorOverloading\"
		Release.AspNetCompiler.TargetPath = "PrecompiledWeb\localhost_61506\"
		Release.AspNetCompiler.Updateable = "true"
		Release.AspNetCompiler.ForceOverwrite = "true"
		Release.AspNetCompiler.FixedNames = "false"
		Release.AspNetCompiler.Debug = "False"
		VWDPort = "61506"
		SlnRelativePath = "35_OperatorOverloading\"
		DefaultWebSiteLanguage = "Visual C#"
	EndProjectSection
EndProject
Project("{E24C65DC-7377-472B-9ABA-BC803B73C61A}") = "36_Enumerations", "36_Enumerations\", "{A7CACC38-8D0E-4A40-AD91-BB56370E163A}"
	ProjectSection(WebsiteProperties) = preProject
		TargetFrameworkMoniker = ".NETFramework,Version%3Dv4.6.1"
		Debug.AspNetCompiler.VirtualPath = "/localhost_62024"
		Debug.AspNetCompiler.PhysicalPath = "36_Enumerations\"
		Debug.AspNetCompiler.TargetPath = "PrecompiledWeb\localhost_62024\"
		Debug.AspNetCompiler.Updateable = "true"
		Debug.AspNetCompiler.ForceOverwrite = "true"
		Debug.AspNetCompiler.FixedNames = "false"
		Debug.AspNetCompiler.Debug = "True"
		Release.AspNetCompiler.VirtualPath = "/localhost_62024"
		Release.AspNetCompiler.PhysicalPath = "36_Enumerations\"
		Release.AspNetCompiler.TargetPath = "PrecompiledWeb\localhost_62024\"
		Release.AspNetCompiler.Updateable = "true"
		Release.AspNetCompiler.ForceOverwrite = "true"
		Release.AspNetCompiler.FixedNames = "false"
		Release.AspNetCompiler.Debug = "False"
		VWDPort = "62024"
		SlnRelativePath = "36_Enumerations\"
		DefaultWebSiteLanguage = "Visual C#"
	EndProjectSection
EndProject
Project("{E24C65DC-7377-472B-9ABA-BC803B73C61A}") = "37_NameSpacing", "37_NameSpacing\", "{476E37F9-2369-4602-BE00-F8D180EAD6B5}"
	ProjectSection(WebsiteProperties) = preProject
		TargetFrameworkMoniker = ".NETFramework,Version%3Dv4.6.1"
		ProjectReferences = "{e9a9c817-1b09-4cde-975f-8115a529168f}|37_MathLibrary.dll;"
		Debug.AspNetCompiler.VirtualPath = "/localhost_63037"
		Debug.AspNetCompiler.PhysicalPath = "37_NameSpacing\"
		Debug.AspNetCompiler.TargetPath = "PrecompiledWeb\localhost_63037\"
		Debug.AspNetCompiler.Updateable = "true"
		Debug.AspNetCompiler.ForceOverwrite = "true"
		Debug.AspNetCompiler.FixedNames = "false"
		Debug.AspNetCompiler.Debug = "True"
		Release.AspNetCompiler.VirtualPath = "/localhost_63037"
		Release.AspNetCompiler.PhysicalPath = "37_NameSpacing\"
		Release.AspNetCompiler.TargetPath = "PrecompiledWeb\localhost_63037\"
		Release.AspNetCompiler.Updateable = "true"
		Release.AspNetCompiler.ForceOverwrite = "true"
		Release.AspNetCompiler.FixedNames = "false"
		Release.AspNetCompiler.Debug = "False"
		VWDPort = "63037"
		SlnRelativePath = "37_NameSpacing\"
		DefaultWebSiteLanguage = "Visual C#"
	EndProjectSection
EndProject
Project("{FAE04EC0-301F-11D3-BF4B-00C04F79EFBC}") = "37_MathLibrary", "37_NameSpacing\37_MathLibrary\37_MathLibrary.csproj", "{E9A9C817-1B09-4CDE-975F-8115A529168F}"
EndProject
Project("{E24C65DC-7377-472B-9ABA-BC803B73C61A}") = "38_Structs", "38_Structs\", "{C342A9FF-FAF1-4FC5-A485-AA4210A910B7}"
	ProjectSection(WebsiteProperties) = preProject
		TargetFrameworkMoniker = ".NETFramework,Version%3Dv4.6.1"
		ProjectReferences = "{23334aba-eec5-4e7d-b78b-da2232d3b79f}|38_StructLibrary.dll;"
		Debug.AspNetCompiler.VirtualPath = "/localhost_49889"
		Debug.AspNetCompiler.PhysicalPath = "38_Structs\"
		Debug.AspNetCompiler.TargetPath = "PrecompiledWeb\localhost_49889\"
		Debug.AspNetCompiler.Updateable = "true"
		Debug.AspNetCompiler.ForceOverwrite = "true"
		Debug.AspNetCompiler.FixedNames = "false"
		Debug.AspNetCompiler.Debug = "True"
		Release.AspNetCompiler.VirtualPath = "/localhost_49889"
		Release.AspNetCompiler.PhysicalPath = "38_Structs\"
		Release.AspNetCompiler.TargetPath = "PrecompiledWeb\localhost_49889\"
		Release.AspNetCompiler.Updateable = "true"
		Release.AspNetCompiler.ForceOverwrite = "true"
		Release.AspNetCompiler.FixedNames = "false"
		Release.AspNetCompiler.Debug = "False"
		VWDPort = "49889"
		SlnRelativePath = "38_Structs\"
		DefaultWebSiteLanguage = "Visual C#"
	EndProjectSection
EndProject
Project("{FAE04EC0-301F-11D3-BF4B-00C04F79EFBC}") = "38_StructLibrary", "38_Structs\38_StructLibrary\38_StructLibrary.csproj", "{23334ABA-EEC5-4E7D-B78B-DA2232D3B79F}"
EndProject
Project("{E24C65DC-7377-472B-9ABA-BC803B73C61A}") = "40_SimpleGenericClass", "40_SimpleGenericClass\", "{24972150-E680-4211-BA93-BF76BB5E2FFD}"
	ProjectSection(WebsiteProperties) = preProject
		TargetFrameworkMoniker = ".NETFramework,Version%3Dv4.6.1"
		Debug.AspNetCompiler.VirtualPath = "/localhost_50573"
		Debug.AspNetCompiler.PhysicalPath = "40_SimpleGenericClass\"
		Debug.AspNetCompiler.TargetPath = "PrecompiledWeb\localhost_50573\"
		Debug.AspNetCompiler.Updateable = "true"
		Debug.AspNetCompiler.ForceOverwrite = "true"
		Debug.AspNetCompiler.FixedNames = "false"
		Debug.AspNetCompiler.Debug = "True"
		Release.AspNetCompiler.VirtualPath = "/localhost_50573"
		Release.AspNetCompiler.PhysicalPath = "40_SimpleGenericClass\"
		Release.AspNetCompiler.TargetPath = "PrecompiledWeb\localhost_50573\"
		Release.AspNetCompiler.Updateable = "true"
		Release.AspNetCompiler.ForceOverwrite = "true"
		Release.AspNetCompiler.FixedNames = "false"
		Release.AspNetCompiler.Debug = "False"
		VWDPort = "50573"
		DefaultWebSiteLanguage = "Visual C#"
	EndProjectSection
EndProject
Project("{E24C65DC-7377-472B-9ABA-BC803B73C61A}") = "39_Delegates", "39_Delegates\", "{70573798-80FB-45E4-8424-D7ED0999CEFE}"
	ProjectSection(WebsiteProperties) = preProject
		TargetFrameworkMoniker = ".NETFramework,Version%3Dv4.6.1"
		Debug.AspNetCompiler.VirtualPath = "/localhost_50864"
		Debug.AspNetCompiler.PhysicalPath = "39_Delegates\"
		Debug.AspNetCompiler.TargetPath = "PrecompiledWeb\localhost_50864\"
		Debug.AspNetCompiler.Updateable = "true"
		Debug.AspNetCompiler.ForceOverwrite = "true"
		Debug.AspNetCompiler.FixedNames = "false"
		Debug.AspNetCompiler.Debug = "True"
		Release.AspNetCompiler.VirtualPath = "/localhost_50864"
		Release.AspNetCompiler.PhysicalPath = "39_Delegates\"
		Release.AspNetCompiler.TargetPath = "PrecompiledWeb\localhost_50864\"
		Release.AspNetCompiler.Updateable = "true"
		Release.AspNetCompiler.ForceOverwrite = "true"
		Release.AspNetCompiler.FixedNames = "false"
		Release.AspNetCompiler.Debug = "False"
		VWDPort = "50864"
		DefaultWebSiteLanguage = "Visual C#"
	EndProjectSection
EndProject
Project("{E24C65DC-7377-472B-9ABA-BC803B73C61A}") = "41_GenericMethod", "41_GenericMethod\", "{85BAB644-E36A-4848-AD99-9A9D93FC0E61}"
	ProjectSection(WebsiteProperties) = preProject
		TargetFrameworkMoniker = ".NETFramework,Version%3Dv4.6.1"
		Debug.AspNetCompiler.VirtualPath = "/localhost_51133"
		Debug.AspNetCompiler.PhysicalPath = "41_GenericMethod\"
		Debug.AspNetCompiler.TargetPath = "PrecompiledWeb\localhost_51133\"
		Debug.AspNetCompiler.Updateable = "true"
		Debug.AspNetCompiler.ForceOverwrite = "true"
		Debug.AspNetCompiler.FixedNames = "false"
		Debug.AspNetCompiler.Debug = "True"
		Release.AspNetCompiler.VirtualPath = "/localhost_51133"
		Release.AspNetCompiler.PhysicalPath = "41_GenericMethod\"
		Release.AspNetCompiler.TargetPath = "PrecompiledWeb\localhost_51133\"
		Release.AspNetCompiler.Updateable = "true"
		Release.AspNetCompiler.ForceOverwrite = "true"
		Release.AspNetCompiler.FixedNames = "false"
		Release.AspNetCompiler.Debug = "False"
		VWDPort = "51133"
		DefaultWebSiteLanguage = "Visual C#"
	EndProjectSection
EndProject
Project("{E24C65DC-7377-472B-9ABA-BC803B73C61A}") = "42_GenericInterface", "42_GenericInterface\", "{42F0FE8C-0393-4BCA-A047-9F57A3FA7A98}"
	ProjectSection(WebsiteProperties) = preProject
		TargetFrameworkMoniker = ".NETFramework,Version%3Dv4.6.1"
		Debug.AspNetCompiler.VirtualPath = "/localhost_51390"
		Debug.AspNetCompiler.PhysicalPath = "42_GenericInterface\"
		Debug.AspNetCompiler.TargetPath = "PrecompiledWeb\localhost_51390\"
		Debug.AspNetCompiler.Updateable = "true"
		Debug.AspNetCompiler.ForceOverwrite = "true"
		Debug.AspNetCompiler.FixedNames = "false"
		Debug.AspNetCompiler.Debug = "True"
		Release.AspNetCompiler.VirtualPath = "/localhost_51390"
		Release.AspNetCompiler.PhysicalPath = "42_GenericInterface\"
		Release.AspNetCompiler.TargetPath = "PrecompiledWeb\localhost_51390\"
		Release.AspNetCompiler.Updateable = "true"
		Release.AspNetCompiler.ForceOverwrite = "true"
		Release.AspNetCompiler.FixedNames = "false"
		Release.AspNetCompiler.Debug = "False"
		VWDPort = "51390"
		DefaultWebSiteLanguage = "Visual C#"
	EndProjectSection
EndProject
Project("{E24C65DC-7377-472B-9ABA-BC803B73C61A}") = "43_GenericDelegates", "43_GenericDelegates\", "{2B969C16-B208-4BCA-B1C0-376208486FAF}"
	ProjectSection(WebsiteProperties) = preProject
		TargetFrameworkMoniker = ".NETFramework,Version%3Dv4.6.1"
		Debug.AspNetCompiler.VirtualPath = "/localhost_51887"
		Debug.AspNetCompiler.PhysicalPath = "43_GenericDelegates\"
		Debug.AspNetCompiler.TargetPath = "PrecompiledWeb\localhost_51887\"
		Debug.AspNetCompiler.Updateable = "true"
		Debug.AspNetCompiler.ForceOverwrite = "true"
		Debug.AspNetCompiler.FixedNames = "false"
		Debug.AspNetCompiler.Debug = "True"
		Release.AspNetCompiler.VirtualPath = "/localhost_51887"
		Release.AspNetCompiler.PhysicalPath = "43_GenericDelegates\"
		Release.AspNetCompiler.TargetPath = "PrecompiledWeb\localhost_51887\"
		Release.AspNetCompiler.Updateable = "true"
		Release.AspNetCompiler.ForceOverwrite = "true"
		Release.AspNetCompiler.FixedNames = "false"
		Release.AspNetCompiler.Debug = "False"
		VWDPort = "51887"
		DefaultWebSiteLanguage = "Visual C#"
	EndProjectSection
EndProject
Project("{E24C65DC-7377-472B-9ABA-BC803B73C61A}") = "44_GenericDictionaries", "44_GenericDictionaries\", "{D9EEAEBC-D877-4D2B-B856-3545FEE82F3F}"
	ProjectSection(WebsiteProperties) = preProject
		TargetFrameworkMoniker = ".NETFramework,Version%3Dv4.6.1"
		Debug.AspNetCompiler.VirtualPath = "/localhost_61916"
		Debug.AspNetCompiler.PhysicalPath = "44_GenericDictionaries\"
		Debug.AspNetCompiler.TargetPath = "PrecompiledWeb\localhost_61916\"
		Debug.AspNetCompiler.Updateable = "true"
		Debug.AspNetCompiler.ForceOverwrite = "true"
		Debug.AspNetCompiler.FixedNames = "false"
		Debug.AspNetCompiler.Debug = "True"
		Release.AspNetCompiler.VirtualPath = "/localhost_61916"
		Release.AspNetCompiler.PhysicalPath = "44_GenericDictionaries\"
		Release.AspNetCompiler.TargetPath = "PrecompiledWeb\localhost_61916\"
		Release.AspNetCompiler.Updateable = "true"
		Release.AspNetCompiler.ForceOverwrite = "true"
		Release.AspNetCompiler.FixedNames = "false"
		Release.AspNetCompiler.Debug = "False"
		VWDPort = "61916"
		DefaultWebSiteLanguage = "Visual C#"
	EndProjectSection
EndProject
Project("{E24C65DC-7377-472B-9ABA-BC803B73C61A}") = "45_DelegatesAndLambdas", "45_DelegatesAndLambdas\", "{E5E9A6B1-7E39-4FC5-A9CF-33AC35BF34C7}"
	ProjectSection(WebsiteProperties) = preProject
		TargetFrameworkMoniker = ".NETFramework,Version%3Dv4.6.1"
		Debug.AspNetCompiler.VirtualPath = "/localhost_62238"
		Debug.AspNetCompiler.PhysicalPath = "45_DelegatesAndLambdas\"
		Debug.AspNetCompiler.TargetPath = "PrecompiledWeb\localhost_62238\"
		Debug.AspNetCompiler.Updateable = "true"
		Debug.AspNetCompiler.ForceOverwrite = "true"
		Debug.AspNetCompiler.FixedNames = "false"
		Debug.AspNetCompiler.Debug = "True"
		Release.AspNetCompiler.VirtualPath = "/localhost_62238"
		Release.AspNetCompiler.PhysicalPath = "45_DelegatesAndLambdas\"
		Release.AspNetCompiler.TargetPath = "PrecompiledWeb\localhost_62238\"
		Release.AspNetCompiler.Updateable = "true"
		Release.AspNetCompiler.ForceOverwrite = "true"
		Release.AspNetCompiler.FixedNames = "false"
		Release.AspNetCompiler.Debug = "False"
		VWDPort = "62238"
		DefaultWebSiteLanguage = "Visual C#"
	EndProjectSection
EndProject
Project("{E24C65DC-7377-472B-9ABA-BC803B73C61A}") = "46_ExpressionBodiedLambdas", "46_ExpressionBodiedLambdas\", "{48621D5B-2ACA-46AD-AA3B-03DFA422D434}"
	ProjectSection(WebsiteProperties) = preProject
		TargetFrameworkMoniker = ".NETFramework,Version%3Dv4.6.1"
		Debug.AspNetCompiler.VirtualPath = "/localhost_62632"
		Debug.AspNetCompiler.PhysicalPath = "46_ExpressionBodiedLambdas\"
		Debug.AspNetCompiler.TargetPath = "PrecompiledWeb\localhost_62632\"
		Debug.AspNetCompiler.Updateable = "true"
		Debug.AspNetCompiler.ForceOverwrite = "true"
		Debug.AspNetCompiler.FixedNames = "false"
		Debug.AspNetCompiler.Debug = "True"
		Release.AspNetCompiler.VirtualPath = "/localhost_62632"
		Release.AspNetCompiler.PhysicalPath = "46_ExpressionBodiedLambdas\"
		Release.AspNetCompiler.TargetPath = "PrecompiledWeb\localhost_62632\"
		Release.AspNetCompiler.Updateable = "true"
		Release.AspNetCompiler.ForceOverwrite = "true"
		Release.AspNetCompiler.FixedNames = "false"
		Release.AspNetCompiler.Debug = "False"
		VWDPort = "62632"
		DefaultWebSiteLanguage = "Visual C#"
	EndProjectSection
EndProject
Project("{E24C65DC-7377-472B-9ABA-BC803B73C61A}") = "47_AnonymousMethods", "47_AnonymousMethods\", "{0CEFE4C7-2FB4-41FB-9991-5258F80C6EEE}"
	ProjectSection(WebsiteProperties) = preProject
		TargetFrameworkMoniker = ".NETFramework,Version%3Dv4.6.1"
		Debug.AspNetCompiler.VirtualPath = "/localhost_63150"
		Debug.AspNetCompiler.PhysicalPath = "47_AnonymousMethods\"
		Debug.AspNetCompiler.TargetPath = "PrecompiledWeb\localhost_63150\"
		Debug.AspNetCompiler.Updateable = "true"
		Debug.AspNetCompiler.ForceOverwrite = "true"
		Debug.AspNetCompiler.FixedNames = "false"
		Debug.AspNetCompiler.Debug = "True"
		Release.AspNetCompiler.VirtualPath = "/localhost_63150"
		Release.AspNetCompiler.PhysicalPath = "47_AnonymousMethods\"
		Release.AspNetCompiler.TargetPath = "PrecompiledWeb\localhost_63150\"
		Release.AspNetCompiler.Updateable = "true"
		Release.AspNetCompiler.ForceOverwrite = "true"
		Release.AspNetCompiler.FixedNames = "false"
		Release.AspNetCompiler.Debug = "False"
		VWDPort = "63150"
		DefaultWebSiteLanguage = "Visual C#"
	EndProjectSection
EndProject
Project("{E24C65DC-7377-472B-9ABA-BC803B73C61A}") = "48_LinqAndBuiltInTypes", "48_LinqAndBuiltInTypes\", "{07ED81E9-2071-4B03-9821-35F39A44D0AF}"
	ProjectSection(WebsiteProperties) = preProject
		TargetFrameworkMoniker = ".NETFramework,Version%3Dv4.6.1"
		Debug.AspNetCompiler.VirtualPath = "/localhost_63622"
		Debug.AspNetCompiler.PhysicalPath = "48_LinqAndBuiltInTypes\"
		Debug.AspNetCompiler.TargetPath = "PrecompiledWeb\localhost_63622\"
		Debug.AspNetCompiler.Updateable = "true"
		Debug.AspNetCompiler.ForceOverwrite = "true"
		Debug.AspNetCompiler.FixedNames = "false"
		Debug.AspNetCompiler.Debug = "True"
		Release.AspNetCompiler.VirtualPath = "/localhost_63622"
		Release.AspNetCompiler.PhysicalPath = "48_LinqAndBuiltInTypes\"
		Release.AspNetCompiler.TargetPath = "PrecompiledWeb\localhost_63622\"
		Release.AspNetCompiler.Updateable = "true"
		Release.AspNetCompiler.ForceOverwrite = "true"
		Release.AspNetCompiler.FixedNames = "false"
		Release.AspNetCompiler.Debug = "False"
		VWDPort = "63622"
		DefaultWebSiteLanguage = "Visual C#"
	EndProjectSection
EndProject
Project("{E24C65DC-7377-472B-9ABA-BC803B73C61A}") = "49_LinqAndCustomTypes", "49_LinqAndCustomTypes\", "{C60A7466-30C2-45F2-891A-E2F768499C4E}"
	ProjectSection(WebsiteProperties) = preProject
		TargetFrameworkMoniker = ".NETFramework,Version%3Dv4.6.1"
		Debug.AspNetCompiler.VirtualPath = "/localhost_63903"
		Debug.AspNetCompiler.PhysicalPath = "49_LinqAndCustomTypes\"
		Debug.AspNetCompiler.TargetPath = "PrecompiledWeb\localhost_63903\"
		Debug.AspNetCompiler.Updateable = "true"
		Debug.AspNetCompiler.ForceOverwrite = "true"
		Debug.AspNetCompiler.FixedNames = "false"
		Debug.AspNetCompiler.Debug = "True"
		Release.AspNetCompiler.VirtualPath = "/localhost_63903"
		Release.AspNetCompiler.PhysicalPath = "49_LinqAndCustomTypes\"
		Release.AspNetCompiler.TargetPath = "PrecompiledWeb\localhost_63903\"
		Release.AspNetCompiler.Updateable = "true"
		Release.AspNetCompiler.ForceOverwrite = "true"
		Release.AspNetCompiler.FixedNames = "false"
		Release.AspNetCompiler.Debug = "False"
		VWDPort = "63903"
		DefaultWebSiteLanguage = "Visual C#"
	EndProjectSection
EndProject
Global
	GlobalSection(SolutionConfigurationPlatforms) = preSolution
		Debug|Any CPU = Debug|Any CPU
		Release|Any CPU = Release|Any CPU
	EndGlobalSection
	GlobalSection(ProjectConfigurationPlatforms) = postSolution
		{5EB6990E-11EC-46D0-A6EB-F7D6E4E20967}.Debug|Any CPU.ActiveCfg = Debug|Any CPU
		{5EB6990E-11EC-46D0-A6EB-F7D6E4E20967}.Debug|Any CPU.Build.0 = Debug|Any CPU
		{5EB6990E-11EC-46D0-A6EB-F7D6E4E20967}.Release|Any CPU.ActiveCfg = Debug|Any CPU
		{5EB6990E-11EC-46D0-A6EB-F7D6E4E20967}.Release|Any CPU.Build.0 = Debug|Any CPU
		{00312715-21BC-4A2B-9034-5D13D258B2E0}.Debug|Any CPU.ActiveCfg = Debug|Any CPU
		{00312715-21BC-4A2B-9034-5D13D258B2E0}.Debug|Any CPU.Build.0 = Debug|Any CPU
		{00312715-21BC-4A2B-9034-5D13D258B2E0}.Release|Any CPU.ActiveCfg = Debug|Any CPU
		{00312715-21BC-4A2B-9034-5D13D258B2E0}.Release|Any CPU.Build.0 = Debug|Any CPU
		{F8593756-7117-4B2C-A5E6-FBAB46B2381E}.Debug|Any CPU.ActiveCfg = Debug|Any CPU
		{F8593756-7117-4B2C-A5E6-FBAB46B2381E}.Debug|Any CPU.Build.0 = Debug|Any CPU
		{F8593756-7117-4B2C-A5E6-FBAB46B2381E}.Release|Any CPU.ActiveCfg = Debug|Any CPU
		{F8593756-7117-4B2C-A5E6-FBAB46B2381E}.Release|Any CPU.Build.0 = Debug|Any CPU
		{C97D5619-F49B-41D3-814C-265B90A360BB}.Debug|Any CPU.ActiveCfg = Debug|Any CPU
		{C97D5619-F49B-41D3-814C-265B90A360BB}.Debug|Any CPU.Build.0 = Debug|Any CPU
		{C97D5619-F49B-41D3-814C-265B90A360BB}.Release|Any CPU.ActiveCfg = Debug|Any CPU
		{C97D5619-F49B-41D3-814C-265B90A360BB}.Release|Any CPU.Build.0 = Debug|Any CPU
		{CDB70AAD-72B1-4CAD-82A1-5DD91A98BEB8}.Debug|Any CPU.ActiveCfg = Debug|Any CPU
		{CDB70AAD-72B1-4CAD-82A1-5DD91A98BEB8}.Debug|Any CPU.Build.0 = Debug|Any CPU
		{CDB70AAD-72B1-4CAD-82A1-5DD91A98BEB8}.Release|Any CPU.ActiveCfg = Debug|Any CPU
		{CDB70AAD-72B1-4CAD-82A1-5DD91A98BEB8}.Release|Any CPU.Build.0 = Debug|Any CPU
		{D78466F1-B2CC-45FF-A759-AC88A52ECB92}.Debug|Any CPU.ActiveCfg = Debug|Any CPU
		{D78466F1-B2CC-45FF-A759-AC88A52ECB92}.Debug|Any CPU.Build.0 = Debug|Any CPU
		{D78466F1-B2CC-45FF-A759-AC88A52ECB92}.Release|Any CPU.ActiveCfg = Debug|Any CPU
		{D78466F1-B2CC-45FF-A759-AC88A52ECB92}.Release|Any CPU.Build.0 = Debug|Any CPU
		{7AC8C0B8-36C9-47CA-A0B7-DF80E93CEB3A}.Debug|Any CPU.ActiveCfg = Debug|Any CPU
		{7AC8C0B8-36C9-47CA-A0B7-DF80E93CEB3A}.Debug|Any CPU.Build.0 = Debug|Any CPU
		{7AC8C0B8-36C9-47CA-A0B7-DF80E93CEB3A}.Release|Any CPU.ActiveCfg = Debug|Any CPU
		{7AC8C0B8-36C9-47CA-A0B7-DF80E93CEB3A}.Release|Any CPU.Build.0 = Debug|Any CPU
		{CFBA9103-718B-4C06-AB63-BCA5444B6894}.Debug|Any CPU.ActiveCfg = Debug|Any CPU
		{CFBA9103-718B-4C06-AB63-BCA5444B6894}.Debug|Any CPU.Build.0 = Debug|Any CPU
		{CFBA9103-718B-4C06-AB63-BCA5444B6894}.Release|Any CPU.ActiveCfg = Debug|Any CPU
		{CFBA9103-718B-4C06-AB63-BCA5444B6894}.Release|Any CPU.Build.0 = Debug|Any CPU
		{066DE20C-2848-4551-BC97-86C44F229B50}.Debug|Any CPU.ActiveCfg = Debug|Any CPU
		{066DE20C-2848-4551-BC97-86C44F229B50}.Debug|Any CPU.Build.0 = Debug|Any CPU
		{066DE20C-2848-4551-BC97-86C44F229B50}.Release|Any CPU.ActiveCfg = Debug|Any CPU
		{066DE20C-2848-4551-BC97-86C44F229B50}.Release|Any CPU.Build.0 = Debug|Any CPU
		{3A43F43F-9E5D-4375-9076-96E788571759}.Debug|Any CPU.ActiveCfg = Debug|Any CPU
		{3A43F43F-9E5D-4375-9076-96E788571759}.Debug|Any CPU.Build.0 = Debug|Any CPU
		{3A43F43F-9E5D-4375-9076-96E788571759}.Release|Any CPU.ActiveCfg = Debug|Any CPU
		{3A43F43F-9E5D-4375-9076-96E788571759}.Release|Any CPU.Build.0 = Debug|Any CPU
		{BF75FA23-DCE7-4660-8365-164E58F63EF8}.Debug|Any CPU.ActiveCfg = Debug|Any CPU
		{BF75FA23-DCE7-4660-8365-164E58F63EF8}.Debug|Any CPU.Build.0 = Debug|Any CPU
		{BF75FA23-DCE7-4660-8365-164E58F63EF8}.Release|Any CPU.ActiveCfg = Debug|Any CPU
		{BF75FA23-DCE7-4660-8365-164E58F63EF8}.Release|Any CPU.Build.0 = Debug|Any CPU
		{9FFDD50C-71CD-4472-BB10-9EB75B8A4AD7}.Debug|Any CPU.ActiveCfg = Debug|Any CPU
		{9FFDD50C-71CD-4472-BB10-9EB75B8A4AD7}.Debug|Any CPU.Build.0 = Debug|Any CPU
		{9FFDD50C-71CD-4472-BB10-9EB75B8A4AD7}.Release|Any CPU.ActiveCfg = Debug|Any CPU
		{9FFDD50C-71CD-4472-BB10-9EB75B8A4AD7}.Release|Any CPU.Build.0 = Debug|Any CPU
		{28E3E0B1-2289-4EE7-A98D-6BC31B78CD4F}.Debug|Any CPU.ActiveCfg = Debug|Any CPU
		{28E3E0B1-2289-4EE7-A98D-6BC31B78CD4F}.Debug|Any CPU.Build.0 = Debug|Any CPU
		{28E3E0B1-2289-4EE7-A98D-6BC31B78CD4F}.Release|Any CPU.ActiveCfg = Debug|Any CPU
		{28E3E0B1-2289-4EE7-A98D-6BC31B78CD4F}.Release|Any CPU.Build.0 = Debug|Any CPU
		{1668F20C-B8A5-4532-8A20-960D58BBC145}.Debug|Any CPU.ActiveCfg = Debug|Any CPU
		{1668F20C-B8A5-4532-8A20-960D58BBC145}.Debug|Any CPU.Build.0 = Debug|Any CPU
		{1668F20C-B8A5-4532-8A20-960D58BBC145}.Release|Any CPU.ActiveCfg = Debug|Any CPU
		{1668F20C-B8A5-4532-8A20-960D58BBC145}.Release|Any CPU.Build.0 = Debug|Any CPU
		{C1B579DC-239F-4CD3-B738-91EE0558FE09}.Debug|Any CPU.ActiveCfg = Debug|Any CPU
		{C1B579DC-239F-4CD3-B738-91EE0558FE09}.Debug|Any CPU.Build.0 = Debug|Any CPU
		{C1B579DC-239F-4CD3-B738-91EE0558FE09}.Release|Any CPU.ActiveCfg = Debug|Any CPU
		{C1B579DC-239F-4CD3-B738-91EE0558FE09}.Release|Any CPU.Build.0 = Debug|Any CPU
		{EE732BA5-8533-412C-A3D6-288E280642D2}.Debug|Any CPU.ActiveCfg = Debug|Any CPU
		{EE732BA5-8533-412C-A3D6-288E280642D2}.Debug|Any CPU.Build.0 = Debug|Any CPU
		{EE732BA5-8533-412C-A3D6-288E280642D2}.Release|Any CPU.ActiveCfg = Debug|Any CPU
		{EE732BA5-8533-412C-A3D6-288E280642D2}.Release|Any CPU.Build.0 = Debug|Any CPU
		{A5F96E01-206C-4FFF-A7B7-468AC011BCB0}.Debug|Any CPU.ActiveCfg = Debug|Any CPU
		{A5F96E01-206C-4FFF-A7B7-468AC011BCB0}.Debug|Any CPU.Build.0 = Debug|Any CPU
		{A5F96E01-206C-4FFF-A7B7-468AC011BCB0}.Release|Any CPU.ActiveCfg = Debug|Any CPU
		{A5F96E01-206C-4FFF-A7B7-468AC011BCB0}.Release|Any CPU.Build.0 = Debug|Any CPU
		{613ECD07-37B7-4B2C-B50A-500594306508}.Debug|Any CPU.ActiveCfg = Debug|Any CPU
		{613ECD07-37B7-4B2C-B50A-500594306508}.Debug|Any CPU.Build.0 = Debug|Any CPU
		{613ECD07-37B7-4B2C-B50A-500594306508}.Release|Any CPU.ActiveCfg = Debug|Any CPU
		{613ECD07-37B7-4B2C-B50A-500594306508}.Release|Any CPU.Build.0 = Debug|Any CPU
		{5A109842-8DE4-42F6-9B85-B13CEFC42FB6}.Debug|Any CPU.ActiveCfg = Debug|Any CPU
		{5A109842-8DE4-42F6-9B85-B13CEFC42FB6}.Debug|Any CPU.Build.0 = Debug|Any CPU
		{5A109842-8DE4-42F6-9B85-B13CEFC42FB6}.Release|Any CPU.ActiveCfg = Debug|Any CPU
		{5A109842-8DE4-42F6-9B85-B13CEFC42FB6}.Release|Any CPU.Build.0 = Debug|Any CPU
		{7D1AFFAC-B934-4F7B-A7B2-C34603244C43}.Debug|Any CPU.ActiveCfg = Debug|Any CPU
		{7D1AFFAC-B934-4F7B-A7B2-C34603244C43}.Debug|Any CPU.Build.0 = Debug|Any CPU
		{7D1AFFAC-B934-4F7B-A7B2-C34603244C43}.Release|Any CPU.ActiveCfg = Debug|Any CPU
		{7D1AFFAC-B934-4F7B-A7B2-C34603244C43}.Release|Any CPU.Build.0 = Debug|Any CPU
		{8C9BBF88-7215-4785-B8B2-C698487FF3E7}.Debug|Any CPU.ActiveCfg = Debug|Any CPU
		{8C9BBF88-7215-4785-B8B2-C698487FF3E7}.Debug|Any CPU.Build.0 = Debug|Any CPU
		{8C9BBF88-7215-4785-B8B2-C698487FF3E7}.Release|Any CPU.ActiveCfg = Debug|Any CPU
		{8C9BBF88-7215-4785-B8B2-C698487FF3E7}.Release|Any CPU.Build.0 = Debug|Any CPU
		{F08818E9-A876-41CE-A036-067B41B1C617}.Debug|Any CPU.ActiveCfg = Debug|Any CPU
		{F08818E9-A876-41CE-A036-067B41B1C617}.Debug|Any CPU.Build.0 = Debug|Any CPU
		{F08818E9-A876-41CE-A036-067B41B1C617}.Release|Any CPU.ActiveCfg = Debug|Any CPU
		{F08818E9-A876-41CE-A036-067B41B1C617}.Release|Any CPU.Build.0 = Debug|Any CPU
		{01D8BA13-AA95-426E-9FB1-6C779481B31E}.Debug|Any CPU.ActiveCfg = Debug|Any CPU
		{01D8BA13-AA95-426E-9FB1-6C779481B31E}.Debug|Any CPU.Build.0 = Debug|Any CPU
		{01D8BA13-AA95-426E-9FB1-6C779481B31E}.Release|Any CPU.ActiveCfg = Debug|Any CPU
		{01D8BA13-AA95-426E-9FB1-6C779481B31E}.Release|Any CPU.Build.0 = Debug|Any CPU
		{C0D5860F-E636-4159-BEAD-F576E915337C}.Debug|Any CPU.ActiveCfg = Debug|Any CPU
		{C0D5860F-E636-4159-BEAD-F576E915337C}.Debug|Any CPU.Build.0 = Debug|Any CPU
		{C0D5860F-E636-4159-BEAD-F576E915337C}.Release|Any CPU.ActiveCfg = Debug|Any CPU
		{C0D5860F-E636-4159-BEAD-F576E915337C}.Release|Any CPU.Build.0 = Debug|Any CPU
		{B1F7D16F-E9ED-4586-AA67-3BD5BB009983}.Debug|Any CPU.ActiveCfg = Debug|Any CPU
		{B1F7D16F-E9ED-4586-AA67-3BD5BB009983}.Debug|Any CPU.Build.0 = Debug|Any CPU
		{B1F7D16F-E9ED-4586-AA67-3BD5BB009983}.Release|Any CPU.ActiveCfg = Debug|Any CPU
		{B1F7D16F-E9ED-4586-AA67-3BD5BB009983}.Release|Any CPU.Build.0 = Debug|Any CPU
		{48612C91-EE05-4584-A379-C7AB5020F6FF}.Debug|Any CPU.ActiveCfg = Debug|Any CPU
		{48612C91-EE05-4584-A379-C7AB5020F6FF}.Debug|Any CPU.Build.0 = Debug|Any CPU
		{48612C91-EE05-4584-A379-C7AB5020F6FF}.Release|Any CPU.ActiveCfg = Debug|Any CPU
		{48612C91-EE05-4584-A379-C7AB5020F6FF}.Release|Any CPU.Build.0 = Debug|Any CPU
		{738049C6-2A87-4E4D-844A-A63E96DD2739}.Debug|Any CPU.ActiveCfg = Debug|Any CPU
		{738049C6-2A87-4E4D-844A-A63E96DD2739}.Debug|Any CPU.Build.0 = Debug|Any CPU
		{738049C6-2A87-4E4D-844A-A63E96DD2739}.Release|Any CPU.ActiveCfg = Debug|Any CPU
		{738049C6-2A87-4E4D-844A-A63E96DD2739}.Release|Any CPU.Build.0 = Debug|Any CPU
		{4B7BFA47-F854-4950-9893-2744CA4884EF}.Debug|Any CPU.ActiveCfg = Debug|Any CPU
		{4B7BFA47-F854-4950-9893-2744CA4884EF}.Debug|Any CPU.Build.0 = Debug|Any CPU
		{4B7BFA47-F854-4950-9893-2744CA4884EF}.Release|Any CPU.ActiveCfg = Debug|Any CPU
		{4B7BFA47-F854-4950-9893-2744CA4884EF}.Release|Any CPU.Build.0 = Debug|Any CPU
		{F47AFD60-42F5-4E95-BD01-877FF5A8F0E9}.Debug|Any CPU.ActiveCfg = Debug|Any CPU
		{F47AFD60-42F5-4E95-BD01-877FF5A8F0E9}.Debug|Any CPU.Build.0 = Debug|Any CPU
		{F47AFD60-42F5-4E95-BD01-877FF5A8F0E9}.Release|Any CPU.ActiveCfg = Debug|Any CPU
		{F47AFD60-42F5-4E95-BD01-877FF5A8F0E9}.Release|Any CPU.Build.0 = Debug|Any CPU
		{C025DA70-5771-4091-9583-7BB5538DA342}.Debug|Any CPU.ActiveCfg = Debug|Any CPU
		{C025DA70-5771-4091-9583-7BB5538DA342}.Debug|Any CPU.Build.0 = Debug|Any CPU
		{C025DA70-5771-4091-9583-7BB5538DA342}.Release|Any CPU.ActiveCfg = Debug|Any CPU
		{C025DA70-5771-4091-9583-7BB5538DA342}.Release|Any CPU.Build.0 = Debug|Any CPU
		{3C661B69-4179-42CB-80C3-7F178F3C1574}.Debug|Any CPU.ActiveCfg = Debug|Any CPU
		{3C661B69-4179-42CB-80C3-7F178F3C1574}.Debug|Any CPU.Build.0 = Debug|Any CPU
		{3C661B69-4179-42CB-80C3-7F178F3C1574}.Release|Any CPU.ActiveCfg = Debug|Any CPU
		{3C661B69-4179-42CB-80C3-7F178F3C1574}.Release|Any CPU.Build.0 = Debug|Any CPU
		{CB9B5B17-3BC1-4048-ABEF-E4E7857063FF}.Debug|Any CPU.ActiveCfg = Debug|Any CPU
		{CB9B5B17-3BC1-4048-ABEF-E4E7857063FF}.Debug|Any CPU.Build.0 = Debug|Any CPU
		{CB9B5B17-3BC1-4048-ABEF-E4E7857063FF}.Release|Any CPU.ActiveCfg = Debug|Any CPU
		{CB9B5B17-3BC1-4048-ABEF-E4E7857063FF}.Release|Any CPU.Build.0 = Debug|Any CPU
		{6A16C96A-923D-4E7B-BE8B-19C020E2AB55}.Debug|Any CPU.ActiveCfg = Debug|Any CPU
		{6A16C96A-923D-4E7B-BE8B-19C020E2AB55}.Debug|Any CPU.Build.0 = Debug|Any CPU
		{6A16C96A-923D-4E7B-BE8B-19C020E2AB55}.Release|Any CPU.ActiveCfg = Debug|Any CPU
		{6A16C96A-923D-4E7B-BE8B-19C020E2AB55}.Release|Any CPU.Build.0 = Debug|Any CPU
		{3A0D4EBE-2157-41B1-B403-07B0F2E8FEAD}.Debug|Any CPU.ActiveCfg = Debug|Any CPU
		{3A0D4EBE-2157-41B1-B403-07B0F2E8FEAD}.Debug|Any CPU.Build.0 = Debug|Any CPU
		{3A0D4EBE-2157-41B1-B403-07B0F2E8FEAD}.Release|Any CPU.ActiveCfg = Debug|Any CPU
		{3A0D4EBE-2157-41B1-B403-07B0F2E8FEAD}.Release|Any CPU.Build.0 = Debug|Any CPU
		{9FAA2CB3-0FC7-4BC5-9916-490906952EC2}.Debug|Any CPU.ActiveCfg = Debug|Any CPU
		{9FAA2CB3-0FC7-4BC5-9916-490906952EC2}.Debug|Any CPU.Build.0 = Debug|Any CPU
		{9FAA2CB3-0FC7-4BC5-9916-490906952EC2}.Release|Any CPU.ActiveCfg = Debug|Any CPU
		{9FAA2CB3-0FC7-4BC5-9916-490906952EC2}.Release|Any CPU.Build.0 = Debug|Any CPU
		{A7CACC38-8D0E-4A40-AD91-BB56370E163A}.Debug|Any CPU.ActiveCfg = Debug|Any CPU
		{A7CACC38-8D0E-4A40-AD91-BB56370E163A}.Debug|Any CPU.Build.0 = Debug|Any CPU
		{A7CACC38-8D0E-4A40-AD91-BB56370E163A}.Release|Any CPU.ActiveCfg = Debug|Any CPU
		{A7CACC38-8D0E-4A40-AD91-BB56370E163A}.Release|Any CPU.Build.0 = Debug|Any CPU
		{476E37F9-2369-4602-BE00-F8D180EAD6B5}.Debug|Any CPU.ActiveCfg = Debug|Any CPU
		{476E37F9-2369-4602-BE00-F8D180EAD6B5}.Debug|Any CPU.Build.0 = Debug|Any CPU
		{476E37F9-2369-4602-BE00-F8D180EAD6B5}.Release|Any CPU.ActiveCfg = Debug|Any CPU
		{476E37F9-2369-4602-BE00-F8D180EAD6B5}.Release|Any CPU.Build.0 = Debug|Any CPU
		{E9A9C817-1B09-4CDE-975F-8115A529168F}.Debug|Any CPU.ActiveCfg = Debug|Any CPU
		{E9A9C817-1B09-4CDE-975F-8115A529168F}.Debug|Any CPU.Build.0 = Debug|Any CPU
		{E9A9C817-1B09-4CDE-975F-8115A529168F}.Release|Any CPU.ActiveCfg = Release|Any CPU
		{E9A9C817-1B09-4CDE-975F-8115A529168F}.Release|Any CPU.Build.0 = Release|Any CPU
		{C342A9FF-FAF1-4FC5-A485-AA4210A910B7}.Debug|Any CPU.ActiveCfg = Debug|Any CPU
		{C342A9FF-FAF1-4FC5-A485-AA4210A910B7}.Debug|Any CPU.Build.0 = Debug|Any CPU
		{C342A9FF-FAF1-4FC5-A485-AA4210A910B7}.Release|Any CPU.ActiveCfg = Debug|Any CPU
		{C342A9FF-FAF1-4FC5-A485-AA4210A910B7}.Release|Any CPU.Build.0 = Debug|Any CPU
		{23334ABA-EEC5-4E7D-B78B-DA2232D3B79F}.Debug|Any CPU.ActiveCfg = Debug|Any CPU
		{23334ABA-EEC5-4E7D-B78B-DA2232D3B79F}.Debug|Any CPU.Build.0 = Debug|Any CPU
		{23334ABA-EEC5-4E7D-B78B-DA2232D3B79F}.Release|Any CPU.ActiveCfg = Release|Any CPU
		{23334ABA-EEC5-4E7D-B78B-DA2232D3B79F}.Release|Any CPU.Build.0 = Release|Any CPU
		{24972150-E680-4211-BA93-BF76BB5E2FFD}.Debug|Any CPU.ActiveCfg = Debug|Any CPU
		{24972150-E680-4211-BA93-BF76BB5E2FFD}.Debug|Any CPU.Build.0 = Debug|Any CPU
		{24972150-E680-4211-BA93-BF76BB5E2FFD}.Release|Any CPU.ActiveCfg = Debug|Any CPU
		{24972150-E680-4211-BA93-BF76BB5E2FFD}.Release|Any CPU.Build.0 = Debug|Any CPU
		{70573798-80FB-45E4-8424-D7ED0999CEFE}.Debug|Any CPU.ActiveCfg = Debug|Any CPU
		{70573798-80FB-45E4-8424-D7ED0999CEFE}.Debug|Any CPU.Build.0 = Debug|Any CPU
		{70573798-80FB-45E4-8424-D7ED0999CEFE}.Release|Any CPU.ActiveCfg = Debug|Any CPU
		{70573798-80FB-45E4-8424-D7ED0999CEFE}.Release|Any CPU.Build.0 = Debug|Any CPU
		{85BAB644-E36A-4848-AD99-9A9D93FC0E61}.Debug|Any CPU.ActiveCfg = Debug|Any CPU
		{85BAB644-E36A-4848-AD99-9A9D93FC0E61}.Debug|Any CPU.Build.0 = Debug|Any CPU
		{85BAB644-E36A-4848-AD99-9A9D93FC0E61}.Release|Any CPU.ActiveCfg = Debug|Any CPU
		{85BAB644-E36A-4848-AD99-9A9D93FC0E61}.Release|Any CPU.Build.0 = Debug|Any CPU
		{42F0FE8C-0393-4BCA-A047-9F57A3FA7A98}.Debug|Any CPU.ActiveCfg = Debug|Any CPU
		{42F0FE8C-0393-4BCA-A047-9F57A3FA7A98}.Debug|Any CPU.Build.0 = Debug|Any CPU
		{42F0FE8C-0393-4BCA-A047-9F57A3FA7A98}.Release|Any CPU.ActiveCfg = Debug|Any CPU
		{42F0FE8C-0393-4BCA-A047-9F57A3FA7A98}.Release|Any CPU.Build.0 = Debug|Any CPU
		{2B969C16-B208-4BCA-B1C0-376208486FAF}.Debug|Any CPU.ActiveCfg = Debug|Any CPU
		{2B969C16-B208-4BCA-B1C0-376208486FAF}.Debug|Any CPU.Build.0 = Debug|Any CPU
		{2B969C16-B208-4BCA-B1C0-376208486FAF}.Release|Any CPU.ActiveCfg = Debug|Any CPU
		{2B969C16-B208-4BCA-B1C0-376208486FAF}.Release|Any CPU.Build.0 = Debug|Any CPU
		{D9EEAEBC-D877-4D2B-B856-3545FEE82F3F}.Debug|Any CPU.ActiveCfg = Debug|Any CPU
		{D9EEAEBC-D877-4D2B-B856-3545FEE82F3F}.Debug|Any CPU.Build.0 = Debug|Any CPU
		{D9EEAEBC-D877-4D2B-B856-3545FEE82F3F}.Release|Any CPU.ActiveCfg = Debug|Any CPU
		{D9EEAEBC-D877-4D2B-B856-3545FEE82F3F}.Release|Any CPU.Build.0 = Debug|Any CPU
		{E5E9A6B1-7E39-4FC5-A9CF-33AC35BF34C7}.Debug|Any CPU.ActiveCfg = Debug|Any CPU
		{E5E9A6B1-7E39-4FC5-A9CF-33AC35BF34C7}.Debug|Any CPU.Build.0 = Debug|Any CPU
		{E5E9A6B1-7E39-4FC5-A9CF-33AC35BF34C7}.Release|Any CPU.ActiveCfg = Debug|Any CPU
		{E5E9A6B1-7E39-4FC5-A9CF-33AC35BF34C7}.Release|Any CPU.Build.0 = Debug|Any CPU
		{48621D5B-2ACA-46AD-AA3B-03DFA422D434}.Debug|Any CPU.ActiveCfg = Debug|Any CPU
		{48621D5B-2ACA-46AD-AA3B-03DFA422D434}.Debug|Any CPU.Build.0 = Debug|Any CPU
		{48621D5B-2ACA-46AD-AA3B-03DFA422D434}.Release|Any CPU.ActiveCfg = Debug|Any CPU
		{48621D5B-2ACA-46AD-AA3B-03DFA422D434}.Release|Any CPU.Build.0 = Debug|Any CPU
		{0CEFE4C7-2FB4-41FB-9991-5258F80C6EEE}.Debug|Any CPU.ActiveCfg = Debug|Any CPU
		{0CEFE4C7-2FB4-41FB-9991-5258F80C6EEE}.Debug|Any CPU.Build.0 = Debug|Any CPU
		{0CEFE4C7-2FB4-41FB-9991-5258F80C6EEE}.Release|Any CPU.ActiveCfg = Debug|Any CPU
		{0CEFE4C7-2FB4-41FB-9991-5258F80C6EEE}.Release|Any CPU.Build.0 = Debug|Any CPU
		{07ED81E9-2071-4B03-9821-35F39A44D0AF}.Debug|Any CPU.ActiveCfg = Debug|Any CPU
		{07ED81E9-2071-4B03-9821-35F39A44D0AF}.Debug|Any CPU.Build.0 = Debug|Any CPU
		{07ED81E9-2071-4B03-9821-35F39A44D0AF}.Release|Any CPU.ActiveCfg = Debug|Any CPU
		{07ED81E9-2071-4B03-9821-35F39A44D0AF}.Release|Any CPU.Build.0 = Debug|Any CPU
		{C60A7466-30C2-45F2-891A-E2F768499C4E}.Debug|Any CPU.ActiveCfg = Debug|Any CPU
		{C60A7466-30C2-45F2-891A-E2F768499C4E}.Debug|Any CPU.Build.0 = Debug|Any CPU
		{C60A7466-30C2-45F2-891A-E2F768499C4E}.Release|Any CPU.ActiveCfg = Debug|Any CPU
		{C60A7466-30C2-45F2-891A-E2F768499C4E}.Release|Any CPU.Build.0 = Debug|Any CPU
	EndGlobalSection
	GlobalSection(SolutionProperties) = preSolution
		HideSolutionNode = FALSE
	EndGlobalSection
EndGlobal
